// !$*UTF8*$!
{
	archiveVersion = 1;
	classes = {
	};
	objectVersion = 56;
	objects = {

/* Begin PBXBuildFile section */
		656BC98C2E3FA9F500943FE1 /* FurnitureApp.swift in Sources */ = {isa = PBXBuildFile; fileRef = 656BC98B2E3FA9F500943FE1 /* FurnitureApp.swift */; };
		656BC9902E3FA9F700943FE1 /* Assets.xcassets in Resources */ = {isa = PBXBuildFile; fileRef = 656BC98F2E3FA9F700943FE1 /* Assets.xcassets */; };
		656BC9932E3FA9F700943FE1 /* Preview Assets.xcassets in Resources */ = {isa = PBXBuildFile; fileRef = 656BC9922E3FA9F700943FE1 /* Preview Assets.xcassets */; };
		656BC99D2E3FA9F800943FE1 /* FurnitureAppTests.swift in Sources */ = {isa = PBXBuildFile; fileRef = 656BC99C2E3FA9F800943FE1 /* FurnitureAppTests.swift */; };
		656BC9A72E3FA9F800943FE1 /* FurnitureAppUITests.swift in Sources */ = {isa = PBXBuildFile; fileRef = 656BC9A62E3FA9F800943FE1 /* FurnitureAppUITests.swift */; };
		656BC9A92E3FA9F800943FE1 /* FurnitureAppUITestsLaunchTests.swift in Sources */ = {isa = PBXBuildFile; fileRef = 656BC9A82E3FA9F800943FE1 /* FurnitureAppUITestsLaunchTests.swift */; };
		6592CDC82E40D89600B5DB6B /* MerchantProjectApp.swift in Sources */ = {isa = PBXBuildFile; fileRef = 6592CDC72E40D89600B5DB6B /* MerchantProjectApp.swift */; };
		6592CDCA2E40D89600B5DB6B /* ContentView.swift in Sources */ = {isa = PBXBuildFile; fileRef = 6592CDC92E40D89600B5DB6B /* ContentView.swift */; };
		6592CDCC2E40D89C00B5DB6B /* Assets.xcassets in Resources */ = {isa = PBXBuildFile; fileRef = 6592CDCB2E40D89C00B5DB6B /* Assets.xcassets */; };
		6592CDCF2E40D89C00B5DB6B /* Preview Assets.xcassets in Resources */ = {isa = PBXBuildFile; fileRef = 6592CDCE2E40D89C00B5DB6B /* Preview Assets.xcassets */; };
		6592CDD92E40D89E00B5DB6B /* MerchantProjectTests.swift in Sources */ = {isa = PBXBuildFile; fileRef = 6592CDD82E40D89E00B5DB6B /* MerchantProjectTests.swift */; };
		6592CDE32E40D89E00B5DB6B /* MerchantProjectUITests.swift in Sources */ = {isa = PBXBuildFile; fileRef = 6592CDE22E40D89E00B5DB6B /* MerchantProjectUITests.swift */; };
		6592CDE52E40D89E00B5DB6B /* MerchantProjectUITestsLaunchTests.swift in Sources */ = {isa = PBXBuildFile; fileRef = 6592CDE42E40D89E00B5DB6B /* MerchantProjectUITestsLaunchTests.swift */; };
		65C3C5FD2E3FB49C001EECF1 /* Inter_28pt-Regular.ttf in Resources */ = {isa = PBXBuildFile; fileRef = 65C3C5F82E3FB49A001EECF1 /* Inter_28pt-Regular.ttf */; };
		65C3C5FE2E3FB49C001EECF1 /* Inter_28pt-SemiBold.ttf in Resources */ = {isa = PBXBuildFile; fileRef = 65C3C5F92E3FB49B001EECF1 /* Inter_28pt-SemiBold.ttf */; };
		65C3C5FF2E3FB49C001EECF1 /* Inter_28pt-Medium.ttf in Resources */ = {isa = PBXBuildFile; fileRef = 65C3C5FA2E3FB49B001EECF1 /* Inter_28pt-Medium.ttf */; };
		65C3C6002E3FB49C001EECF1 /* Inter_28pt-Italic.ttf in Resources */ = {isa = PBXBuildFile; fileRef = 65C3C5FB2E3FB49B001EECF1 /* Inter_28pt-Italic.ttf */; };
		65C3C6012E3FB49C001EECF1 /* Inter_28pt-Bold.ttf in Resources */ = {isa = PBXBuildFile; fileRef = 65C3C5FC2E3FB49B001EECF1 /* Inter_28pt-Bold.ttf */; };
		65C3C6052E3FB7D5001EECF1 /* SplashView.swift in Sources */ = {isa = PBXBuildFile; fileRef = 65C3C6042E3FB7D5001EECF1 /* SplashView.swift */; };
/* End PBXBuildFile section */

/* Begin PBXContainerItemProxy section */
		656BC9992E3FA9F800943FE1 /* PBXContainerItemProxy */ = {
			isa = PBXContainerItemProxy;
			containerPortal = 656BC9802E3FA9F500943FE1 /* Project object */;
			proxyType = 1;
			remoteGlobalIDString = 656BC9872E3FA9F500943FE1;
			remoteInfo = FurnitureApp;
		};
		656BC9A32E3FA9F800943FE1 /* PBXContainerItemProxy */ = {
			isa = PBXContainerItemProxy;
			containerPortal = 656BC9802E3FA9F500943FE1 /* Project object */;
			proxyType = 1;
			remoteGlobalIDString = 656BC9872E3FA9F500943FE1;
			remoteInfo = FurnitureApp;
		};
		6592CDD52E40D89D00B5DB6B /* PBXContainerItemProxy */ = {
			isa = PBXContainerItemProxy;
			containerPortal = 656BC9802E3FA9F500943FE1 /* Project object */;
			proxyType = 1;
			remoteGlobalIDString = 6592CDC42E40D89600B5DB6B;
			remoteInfo = MerchantProject;
		};
		6592CDDF2E40D89E00B5DB6B /* PBXContainerItemProxy */ = {
			isa = PBXContainerItemProxy;
			containerPortal = 656BC9802E3FA9F500943FE1 /* Project object */;
			proxyType = 1;
			remoteGlobalIDString = 6592CDC42E40D89600B5DB6B;
			remoteInfo = MerchantProject;
		};
/* End PBXContainerItemProxy section */

/* Begin PBXFileReference section */
		656BC9882E3FA9F500943FE1 /* FurnitureApp.app */ = {isa = PBXFileReference; explicitFileType = wrapper.application; includeInIndex = 0; path = FurnitureApp.app; sourceTree = BUILT_PRODUCTS_DIR; };
		656BC98B2E3FA9F500943FE1 /* FurnitureApp.swift */ = {isa = PBXFileReference; lastKnownFileType = sourcecode.swift; path = FurnitureApp.swift; sourceTree = "<group>"; };
		656BC98F2E3FA9F700943FE1 /* Assets.xcassets */ = {isa = PBXFileReference; lastKnownFileType = folder.assetcatalog; path = Assets.xcassets; sourceTree = "<group>"; };
		656BC9922E3FA9F700943FE1 /* Preview Assets.xcassets */ = {isa = PBXFileReference; lastKnownFileType = folder.assetcatalog; path = "Preview Assets.xcassets"; sourceTree = "<group>"; };
		656BC9982E3FA9F800943FE1 /* FurnitureAppTests.xctest */ = {isa = PBXFileReference; explicitFileType = wrapper.cfbundle; includeInIndex = 0; path = FurnitureAppTests.xctest; sourceTree = BUILT_PRODUCTS_DIR; };
		656BC99C2E3FA9F800943FE1 /* FurnitureAppTests.swift */ = {isa = PBXFileReference; lastKnownFileType = sourcecode.swift; path = FurnitureAppTests.swift; sourceTree = "<group>"; };
		656BC9A22E3FA9F800943FE1 /* FurnitureAppUITests.xctest */ = {isa = PBXFileReference; explicitFileType = wrapper.cfbundle; includeInIndex = 0; path = FurnitureAppUITests.xctest; sourceTree = BUILT_PRODUCTS_DIR; };
		656BC9A62E3FA9F800943FE1 /* FurnitureAppUITests.swift */ = {isa = PBXFileReference; lastKnownFileType = sourcecode.swift; path = FurnitureAppUITests.swift; sourceTree = "<group>"; };
		656BC9A82E3FA9F800943FE1 /* FurnitureAppUITestsLaunchTests.swift */ = {isa = PBXFileReference; lastKnownFileType = sourcecode.swift; path = FurnitureAppUITestsLaunchTests.swift; sourceTree = "<group>"; };
		6592CDC52E40D89600B5DB6B /* MerchantProject.app */ = {isa = PBXFileReference; explicitFileType = wrapper.application; includeInIndex = 0; path = MerchantProject.app; sourceTree = BUILT_PRODUCTS_DIR; };
		6592CDC72E40D89600B5DB6B /* MerchantProjectApp.swift */ = {isa = PBXFileReference; lastKnownFileType = sourcecode.swift; path = MerchantProjectApp.swift; sourceTree = "<group>"; };
		6592CDC92E40D89600B5DB6B /* ContentView.swift */ = {isa = PBXFileReference; lastKnownFileType = sourcecode.swift; path = ContentView.swift; sourceTree = "<group>"; };
		6592CDCB2E40D89C00B5DB6B /* Assets.xcassets */ = {isa = PBXFileReference; lastKnownFileType = folder.assetcatalog; path = Assets.xcassets; sourceTree = "<group>"; };
		6592CDCE2E40D89C00B5DB6B /* Preview Assets.xcassets */ = {isa = PBXFileReference; lastKnownFileType = folder.assetcatalog; path = "Preview Assets.xcassets"; sourceTree = "<group>"; };
		6592CDD42E40D89D00B5DB6B /* MerchantProjectTests.xctest */ = {isa = PBXFileReference; explicitFileType = wrapper.cfbundle; includeInIndex = 0; path = MerchantProjectTests.xctest; sourceTree = BUILT_PRODUCTS_DIR; };
		6592CDD82E40D89E00B5DB6B /* MerchantProjectTests.swift */ = {isa = PBXFileReference; lastKnownFileType = sourcecode.swift; path = MerchantProjectTests.swift; sourceTree = "<group>"; };
		6592CDDE2E40D89E00B5DB6B /* MerchantProjectUITests.xctest */ = {isa = PBXFileReference; explicitFileType = wrapper.cfbundle; includeInIndex = 0; path = MerchantProjectUITests.xctest; sourceTree = BUILT_PRODUCTS_DIR; };
		6592CDE22E40D89E00B5DB6B /* MerchantProjectUITests.swift */ = {isa = PBXFileReference; lastKnownFileType = sourcecode.swift; path = MerchantProjectUITests.swift; sourceTree = "<group>"; };
		6592CDE42E40D89E00B5DB6B /* MerchantProjectUITestsLaunchTests.swift */ = {isa = PBXFileReference; lastKnownFileType = sourcecode.swift; path = MerchantProjectUITestsLaunchTests.swift; sourceTree = "<group>"; };
		65C3C5F82E3FB49A001EECF1 /* Inter_28pt-Regular.ttf */ = {isa = PBXFileReference; lastKnownFileType = file; path = "Inter_28pt-Regular.ttf"; sourceTree = "<group>"; };
		65C3C5F92E3FB49B001EECF1 /* Inter_28pt-SemiBold.ttf */ = {isa = PBXFileReference; lastKnownFileType = file; path = "Inter_28pt-SemiBold.ttf"; sourceTree = "<group>"; };
		65C3C5FA2E3FB49B001EECF1 /* Inter_28pt-Medium.ttf */ = {isa = PBXFileReference; lastKnownFileType = file; path = "Inter_28pt-Medium.ttf"; sourceTree = "<group>"; };
		65C3C5FB2E3FB49B001EECF1 /* Inter_28pt-Italic.ttf */ = {isa = PBXFileReference; lastKnownFileType = file; path = "Inter_28pt-Italic.ttf"; sourceTree = "<group>"; };
		65C3C5FC2E3FB49B001EECF1 /* Inter_28pt-Bold.ttf */ = {isa = PBXFileReference; lastKnownFileType = file; path = "Inter_28pt-Bold.ttf"; sourceTree = "<group>"; };
		65C3C6032E3FB523001EECF1 /* Info.plist */ = {isa = PBXFileReference; lastKnownFileType = text.plist.xml; path = Info.plist; sourceTree = "<group>"; };
		65C3C6042E3FB7D5001EECF1 /* SplashView.swift */ = {isa = PBXFileReference; lastKnownFileType = sourcecode.swift; path = SplashView.swift; sourceTree = "<group>"; };
/* End PBXFileReference section */

/* Begin PBXFrameworksBuildPhase section */
		656BC9852E3FA9F500943FE1 /* Frameworks */ = {
			isa = PBXFrameworksBuildPhase;
			buildActionMask = 2147483647;
			files = (
			);
			runOnlyForDeploymentPostprocessing = 0;
		};
		656BC9952E3FA9F800943FE1 /* Frameworks */ = {
			isa = PBXFrameworksBuildPhase;
			buildActionMask = 2147483647;
			files = (
			);
			runOnlyForDeploymentPostprocessing = 0;
		};
		656BC99F2E3FA9F800943FE1 /* Frameworks */ = {
			isa = PBXFrameworksBuildPhase;
			buildActionMask = 2147483647;
			files = (
			);
			runOnlyForDeploymentPostprocessing = 0;
		};
		6592CDC22E40D89600B5DB6B /* Frameworks */ = {
			isa = PBXFrameworksBuildPhase;
			buildActionMask = 2147483647;
			files = (
			);
			runOnlyForDeploymentPostprocessing = 0;
		};
		6592CDD12E40D89D00B5DB6B /* Frameworks */ = {
			isa = PBXFrameworksBuildPhase;
			buildActionMask = 2147483647;
			files = (
			);
			runOnlyForDeploymentPostprocessing = 0;
		};
		6592CDDB2E40D89E00B5DB6B /* Frameworks */ = {
			isa = PBXFrameworksBuildPhase;
			buildActionMask = 2147483647;
			files = (
			);
			runOnlyForDeploymentPostprocessing = 0;
		};
/* End PBXFrameworksBuildPhase section */

/* Begin PBXGroup section */
		656BC97F2E3FA9F500943FE1 = {
			isa = PBXGroup;
			children = (
				656BC98A2E3FA9F500943FE1 /* FurnitureApp */,
				656BC99B2E3FA9F800943FE1 /* FurnitureAppTests */,
				656BC9A52E3FA9F800943FE1 /* FurnitureAppUITests */,
				6592CDC62E40D89600B5DB6B /* MerchantProject */,
				6592CDD72E40D89E00B5DB6B /* MerchantProjectTests */,
				6592CDE12E40D89E00B5DB6B /* MerchantProjectUITests */,
				656BC9892E3FA9F500943FE1 /* Products */,
			);
			sourceTree = "<group>";
		};
		656BC9892E3FA9F500943FE1 /* Products */ = {
			isa = PBXGroup;
			children = (
				656BC9882E3FA9F500943FE1 /* FurnitureApp.app */,
				656BC9982E3FA9F800943FE1 /* FurnitureAppTests.xctest */,
				656BC9A22E3FA9F800943FE1 /* FurnitureAppUITests.xctest */,
				6592CDC52E40D89600B5DB6B /* MerchantProject.app */,
				6592CDD42E40D89D00B5DB6B /* MerchantProjectTests.xctest */,
				6592CDDE2E40D89E00B5DB6B /* MerchantProjectUITests.xctest */,
			);
			name = Products;
			sourceTree = "<group>";
		};
		656BC98A2E3FA9F500943FE1 /* FurnitureApp */ = {
			isa = PBXGroup;
			children = (
				65C3C5F62E3FB207001EECF1 /* Scenes */,
				65C3C5F52E3FB084001EECF1 /* App */,
				65C3C5F72E3FB22E001EECF1 /* Resources */,
			);
			path = FurnitureApp;
			sourceTree = "<group>";
		};
		656BC9912E3FA9F700943FE1 /* Preview Content */ = {
			isa = PBXGroup;
			children = (
				656BC9922E3FA9F700943FE1 /* Preview Assets.xcassets */,
			);
			path = "Preview Content";
			sourceTree = "<group>";
		};
		656BC99B2E3FA9F800943FE1 /* FurnitureAppTests */ = {
			isa = PBXGroup;
			children = (
				656BC99C2E3FA9F800943FE1 /* FurnitureAppTests.swift */,
			);
			path = FurnitureAppTests;
			sourceTree = "<group>";
		};
		656BC9A52E3FA9F800943FE1 /* FurnitureAppUITests */ = {
			isa = PBXGroup;
			children = (
				656BC9A62E3FA9F800943FE1 /* FurnitureAppUITests.swift */,
				656BC9A82E3FA9F800943FE1 /* FurnitureAppUITestsLaunchTests.swift */,
			);
			path = FurnitureAppUITests;
			sourceTree = "<group>";
		};
		6592CDC62E40D89600B5DB6B /* MerchantProject */ = {
			isa = PBXGroup;
			children = (
				6592CDC72E40D89600B5DB6B /* MerchantProjectApp.swift */,
				6592CDC92E40D89600B5DB6B /* ContentView.swift */,
				6592CDCB2E40D89C00B5DB6B /* Assets.xcassets */,
				6592CDCD2E40D89C00B5DB6B /* Preview Content */,
			);
			path = MerchantProject;
			sourceTree = "<group>";
		};
		6592CDCD2E40D89C00B5DB6B /* Preview Content */ = {
			isa = PBXGroup;
			children = (
				6592CDCE2E40D89C00B5DB6B /* Preview Assets.xcassets */,
			);
			path = "Preview Content";
			sourceTree = "<group>";
		};
		6592CDD72E40D89E00B5DB6B /* MerchantProjectTests */ = {
			isa = PBXGroup;
			children = (
				6592CDD82E40D89E00B5DB6B /* MerchantProjectTests.swift */,
			);
			path = MerchantProjectTests;
			sourceTree = "<group>";
		};
		6592CDE12E40D89E00B5DB6B /* MerchantProjectUITests */ = {
			isa = PBXGroup;
			children = (
				6592CDE22E40D89E00B5DB6B /* MerchantProjectUITests.swift */,
				6592CDE42E40D89E00B5DB6B /* MerchantProjectUITestsLaunchTests.swift */,
			);
			path = MerchantProjectUITests;
			sourceTree = "<group>";
		};
		65C3C5F52E3FB084001EECF1 /* App */ = {
			isa = PBXGroup;
			children = (
				656BC98B2E3FA9F500943FE1 /* FurnitureApp.swift */,
			);
			path = App;
			sourceTree = "<group>";
		};
		65C3C5F62E3FB207001EECF1 /* Scenes */ = {
			isa = PBXGroup;
			children = (
				65C3C6062E3FBA35001EECF1 /* SplashScreen */,
			);
			path = Scenes;
			sourceTree = "<group>";
		};
		65C3C5F72E3FB22E001EECF1 /* Resources */ = {
			isa = PBXGroup;
			children = (
				65C3C6032E3FB523001EECF1 /* Info.plist */,
				65C3C6022E3FB4C4001EECF1 /* Fonts */,
				656BC98F2E3FA9F700943FE1 /* Assets.xcassets */,
				656BC9912E3FA9F700943FE1 /* Preview Content */,
			);
			path = Resources;
			sourceTree = "<group>";
		};
		65C3C6022E3FB4C4001EECF1 /* Fonts */ = {
			isa = PBXGroup;
			children = (
				65C3C5FC2E3FB49B001EECF1 /* Inter_28pt-Bold.ttf */,
				65C3C5FB2E3FB49B001EECF1 /* Inter_28pt-Italic.ttf */,
				65C3C5FA2E3FB49B001EECF1 /* Inter_28pt-Medium.ttf */,
				65C3C5F82E3FB49A001EECF1 /* Inter_28pt-Regular.ttf */,
				65C3C5F92E3FB49B001EECF1 /* Inter_28pt-SemiBold.ttf */,
			);
			path = Fonts;
			sourceTree = "<group>";
		};
		65C3C6062E3FBA35001EECF1 /* SplashScreen */ = {
			isa = PBXGroup;
			children = (
				65C3C6042E3FB7D5001EECF1 /* SplashView.swift */,
			);
			path = SplashScreen;
			sourceTree = "<group>";
		};
/* End PBXGroup section */

/* Begin PBXNativeTarget section */
		656BC9872E3FA9F500943FE1 /* FurnitureApp */ = {
			isa = PBXNativeTarget;
			buildConfigurationList = 656BC9AC2E3FA9F800943FE1 /* Build configuration list for PBXNativeTarget "FurnitureApp" */;
			buildPhases = (
				656BC9842E3FA9F500943FE1 /* Sources */,
				656BC9852E3FA9F500943FE1 /* Frameworks */,
				656BC9862E3FA9F500943FE1 /* Resources */,
			);
			buildRules = (
			);
			dependencies = (
			);
			name = FurnitureApp;
			productName = FurnitureApp;
			productReference = 656BC9882E3FA9F500943FE1 /* FurnitureApp.app */;
			productType = "com.apple.product-type.application";
		};
		656BC9972E3FA9F800943FE1 /* FurnitureAppTests */ = {
			isa = PBXNativeTarget;
			buildConfigurationList = 656BC9AF2E3FA9F800943FE1 /* Build configuration list for PBXNativeTarget "FurnitureAppTests" */;
			buildPhases = (
				656BC9942E3FA9F800943FE1 /* Sources */,
				656BC9952E3FA9F800943FE1 /* Frameworks */,
				656BC9962E3FA9F800943FE1 /* Resources */,
			);
			buildRules = (
			);
			dependencies = (
				656BC99A2E3FA9F800943FE1 /* PBXTargetDependency */,
			);
			name = FurnitureAppTests;
			productName = FurnitureAppTests;
			productReference = 656BC9982E3FA9F800943FE1 /* FurnitureAppTests.xctest */;
			productType = "com.apple.product-type.bundle.unit-test";
		};
		656BC9A12E3FA9F800943FE1 /* FurnitureAppUITests */ = {
			isa = PBXNativeTarget;
			buildConfigurationList = 656BC9B22E3FA9F800943FE1 /* Build configuration list for PBXNativeTarget "FurnitureAppUITests" */;
			buildPhases = (
				656BC99E2E3FA9F800943FE1 /* Sources */,
				656BC99F2E3FA9F800943FE1 /* Frameworks */,
				656BC9A02E3FA9F800943FE1 /* Resources */,
			);
			buildRules = (
			);
			dependencies = (
				656BC9A42E3FA9F800943FE1 /* PBXTargetDependency */,
			);
			name = FurnitureAppUITests;
			productName = FurnitureAppUITests;
			productReference = 656BC9A22E3FA9F800943FE1 /* FurnitureAppUITests.xctest */;
			productType = "com.apple.product-type.bundle.ui-testing";
		};
		6592CDC42E40D89600B5DB6B /* MerchantProject */ = {
			isa = PBXNativeTarget;
			buildConfigurationList = 6592CDEC2E40D89E00B5DB6B /* Build configuration list for PBXNativeTarget "MerchantProject" */;
			buildPhases = (
				6592CDC12E40D89600B5DB6B /* Sources */,
				6592CDC22E40D89600B5DB6B /* Frameworks */,
				6592CDC32E40D89600B5DB6B /* Resources */,
			);
			buildRules = (
			);
			dependencies = (
			);
			name = MerchantProject;
			productName = MerchantProject;
			productReference = 6592CDC52E40D89600B5DB6B /* MerchantProject.app */;
			productType = "com.apple.product-type.application";
		};
		6592CDD32E40D89D00B5DB6B /* MerchantProjectTests */ = {
			isa = PBXNativeTarget;
			buildConfigurationList = 6592CDED2E40D89E00B5DB6B /* Build configuration list for PBXNativeTarget "MerchantProjectTests" */;
			buildPhases = (
				6592CDD02E40D89D00B5DB6B /* Sources */,
				6592CDD12E40D89D00B5DB6B /* Frameworks */,
				6592CDD22E40D89D00B5DB6B /* Resources */,
			);
			buildRules = (
			);
			dependencies = (
				6592CDD62E40D89D00B5DB6B /* PBXTargetDependency */,
			);
			name = MerchantProjectTests;
			productName = MerchantProjectTests;
			productReference = 6592CDD42E40D89D00B5DB6B /* MerchantProjectTests.xctest */;
			productType = "com.apple.product-type.bundle.unit-test";
		};
		6592CDDD2E40D89E00B5DB6B /* MerchantProjectUITests */ = {
			isa = PBXNativeTarget;
			buildConfigurationList = 6592CDEE2E40D89E00B5DB6B /* Build configuration list for PBXNativeTarget "MerchantProjectUITests" */;
			buildPhases = (
				6592CDDA2E40D89E00B5DB6B /* Sources */,
				6592CDDB2E40D89E00B5DB6B /* Frameworks */,
				6592CDDC2E40D89E00B5DB6B /* Resources */,
			);
			buildRules = (
			);
			dependencies = (
				6592CDE02E40D89E00B5DB6B /* PBXTargetDependency */,
			);
			name = MerchantProjectUITests;
			productName = MerchantProjectUITests;
			productReference = 6592CDDE2E40D89E00B5DB6B /* MerchantProjectUITests.xctest */;
			productType = "com.apple.product-type.bundle.ui-testing";
		};
/* End PBXNativeTarget section */

/* Begin PBXProject section */
		656BC9802E3FA9F500943FE1 /* Project object */ = {
			isa = PBXProject;
			attributes = {
				BuildIndependentTargetsInParallel = 1;
				LastSwiftUpdateCheck = 1430;
				LastUpgradeCheck = 1430;
				TargetAttributes = {
					656BC9872E3FA9F500943FE1 = {
						CreatedOnToolsVersion = 14.3;
					};
					656BC9972E3FA9F800943FE1 = {
						CreatedOnToolsVersion = 14.3;
						TestTargetID = 656BC9872E3FA9F500943FE1;
					};
					656BC9A12E3FA9F800943FE1 = {
						CreatedOnToolsVersion = 14.3;
						TestTargetID = 656BC9872E3FA9F500943FE1;
					};
					6592CDC42E40D89600B5DB6B = {
						CreatedOnToolsVersion = 14.3;
					};
					6592CDD32E40D89D00B5DB6B = {
						CreatedOnToolsVersion = 14.3;
						TestTargetID = 6592CDC42E40D89600B5DB6B;
					};
					6592CDDD2E40D89E00B5DB6B = {
						CreatedOnToolsVersion = 14.3;
						TestTargetID = 6592CDC42E40D89600B5DB6B;
					};
				};
			};
			buildConfigurationList = 656BC9832E3FA9F500943FE1 /* Build configuration list for PBXProject "FurnitureApp" */;
			compatibilityVersion = "Xcode 14.0";
			developmentRegion = en;
			hasScannedForEncodings = 0;
			knownRegions = (
				en,
				Base,
			);
			mainGroup = 656BC97F2E3FA9F500943FE1;
			productRefGroup = 656BC9892E3FA9F500943FE1 /* Products */;
			projectDirPath = "";
			projectRoot = "";
			targets = (
				656BC9872E3FA9F500943FE1 /* FurnitureApp */,
				656BC9972E3FA9F800943FE1 /* FurnitureAppTests */,
				656BC9A12E3FA9F800943FE1 /* FurnitureAppUITests */,
				6592CDC42E40D89600B5DB6B /* MerchantProject */,
				6592CDD32E40D89D00B5DB6B /* MerchantProjectTests */,
				6592CDDD2E40D89E00B5DB6B /* MerchantProjectUITests */,
			);
		};
/* End PBXProject section */

/* Begin PBXResourcesBuildPhase section */
		656BC9862E3FA9F500943FE1 /* Resources */ = {
			isa = PBXResourcesBuildPhase;
			buildActionMask = 2147483647;
			files = (
				656BC9932E3FA9F700943FE1 /* Preview Assets.xcassets in Resources */,
				65C3C5FF2E3FB49C001EECF1 /* Inter_28pt-Medium.ttf in Resources */,
				65C3C5FD2E3FB49C001EECF1 /* Inter_28pt-Regular.ttf in Resources */,
				65C3C6012E3FB49C001EECF1 /* Inter_28pt-Bold.ttf in Resources */,
				65C3C6002E3FB49C001EECF1 /* Inter_28pt-Italic.ttf in Resources */,
				65C3C5FE2E3FB49C001EECF1 /* Inter_28pt-SemiBold.ttf in Resources */,
				656BC9902E3FA9F700943FE1 /* Assets.xcassets in Resources */,
			);
			runOnlyForDeploymentPostprocessing = 0;
		};
		656BC9962E3FA9F800943FE1 /* Resources */ = {
			isa = PBXResourcesBuildPhase;
			buildActionMask = 2147483647;
			files = (
			);
			runOnlyForDeploymentPostprocessing = 0;
		};
		656BC9A02E3FA9F800943FE1 /* Resources */ = {
			isa = PBXResourcesBuildPhase;
			buildActionMask = 2147483647;
			files = (
			);
			runOnlyForDeploymentPostprocessing = 0;
		};
		6592CDC32E40D89600B5DB6B /* Resources */ = {
			isa = PBXResourcesBuildPhase;
			buildActionMask = 2147483647;
			files = (
				6592CDCF2E40D89C00B5DB6B /* Preview Assets.xcassets in Resources */,
				6592CDCC2E40D89C00B5DB6B /* Assets.xcassets in Resources */,
			);
			runOnlyForDeploymentPostprocessing = 0;
		};
		6592CDD22E40D89D00B5DB6B /* Resources */ = {
			isa = PBXResourcesBuildPhase;
			buildActionMask = 2147483647;
			files = (
			);
			runOnlyForDeploymentPostprocessing = 0;
		};
		6592CDDC2E40D89E00B5DB6B /* Resources */ = {
			isa = PBXResourcesBuildPhase;
			buildActionMask = 2147483647;
			files = (
			);
			runOnlyForDeploymentPostprocessing = 0;
		};
/* End PBXResourcesBuildPhase section */

/* Begin PBXSourcesBuildPhase section */
		656BC9842E3FA9F500943FE1 /* Sources */ = {
			isa = PBXSourcesBuildPhase;
			buildActionMask = 2147483647;
			files = (
				656BC98C2E3FA9F500943FE1 /* FurnitureApp.swift in Sources */,
				65C3C6052E3FB7D5001EECF1 /* SplashView.swift in Sources */,
			);
			runOnlyForDeploymentPostprocessing = 0;
		};
		656BC9942E3FA9F800943FE1 /* Sources */ = {
			isa = PBXSourcesBuildPhase;
			buildActionMask = 2147483647;
			files = (
				656BC99D2E3FA9F800943FE1 /* FurnitureAppTests.swift in Sources */,
			);
			runOnlyForDeploymentPostprocessing = 0;
		};
		656BC99E2E3FA9F800943FE1 /* Sources */ = {
			isa = PBXSourcesBuildPhase;
			buildActionMask = 2147483647;
			files = (
				656BC9A72E3FA9F800943FE1 /* FurnitureAppUITests.swift in Sources */,
				656BC9A92E3FA9F800943FE1 /* FurnitureAppUITestsLaunchTests.swift in Sources */,
			);
			runOnlyForDeploymentPostprocessing = 0;
		};
		6592CDC12E40D89600B5DB6B /* Sources */ = {
			isa = PBXSourcesBuildPhase;
			buildActionMask = 2147483647;
			files = (
				6592CDCA2E40D89600B5DB6B /* ContentView.swift in Sources */,
				6592CDC82E40D89600B5DB6B /* MerchantProjectApp.swift in Sources */,
			);
			runOnlyForDeploymentPostprocessing = 0;
		};
		6592CDD02E40D89D00B5DB6B /* Sources */ = {
			isa = PBXSourcesBuildPhase;
			buildActionMask = 2147483647;
			files = (
				6592CDD92E40D89E00B5DB6B /* MerchantProjectTests.swift in Sources */,
			);
			runOnlyForDeploymentPostprocessing = 0;
		};
		6592CDDA2E40D89E00B5DB6B /* Sources */ = {
			isa = PBXSourcesBuildPhase;
			buildActionMask = 2147483647;
			files = (
				6592CDE52E40D89E00B5DB6B /* MerchantProjectUITestsLaunchTests.swift in Sources */,
				6592CDE32E40D89E00B5DB6B /* MerchantProjectUITests.swift in Sources */,
			);
			runOnlyForDeploymentPostprocessing = 0;
		};
/* End PBXSourcesBuildPhase section */

/* Begin PBXTargetDependency section */
		656BC99A2E3FA9F800943FE1 /* PBXTargetDependency */ = {
			isa = PBXTargetDependency;
			target = 656BC9872E3FA9F500943FE1 /* FurnitureApp */;
			targetProxy = 656BC9992E3FA9F800943FE1 /* PBXContainerItemProxy */;
		};
		656BC9A42E3FA9F800943FE1 /* PBXTargetDependency */ = {
			isa = PBXTargetDependency;
			target = 656BC9872E3FA9F500943FE1 /* FurnitureApp */;
			targetProxy = 656BC9A32E3FA9F800943FE1 /* PBXContainerItemProxy */;
		};
		6592CDD62E40D89D00B5DB6B /* PBXTargetDependency */ = {
			isa = PBXTargetDependency;
			target = 6592CDC42E40D89600B5DB6B /* MerchantProject */;
			targetProxy = 6592CDD52E40D89D00B5DB6B /* PBXContainerItemProxy */;
		};
		6592CDE02E40D89E00B5DB6B /* PBXTargetDependency */ = {
			isa = PBXTargetDependency;
			target = 6592CDC42E40D89600B5DB6B /* MerchantProject */;
			targetProxy = 6592CDDF2E40D89E00B5DB6B /* PBXContainerItemProxy */;
		};
/* End PBXTargetDependency section */

/* Begin XCBuildConfiguration section */
		656BC9AA2E3FA9F800943FE1 /* Debug */ = {
			isa = XCBuildConfiguration;
			buildSettings = {
				ALWAYS_SEARCH_USER_PATHS = NO;
				CLANG_ANALYZER_NONNULL = YES;
				CLANG_ANALYZER_NUMBER_OBJECT_CONVERSION = YES_AGGRESSIVE;
				CLANG_CXX_LANGUAGE_STANDARD = "gnu++20";
				CLANG_ENABLE_MODULES = YES;
				CLANG_ENABLE_OBJC_ARC = YES;
				CLANG_ENABLE_OBJC_WEAK = YES;
				CLANG_WARN_BLOCK_CAPTURE_AUTORELEASING = YES;
				CLANG_WARN_BOOL_CONVERSION = YES;
				CLANG_WARN_COMMA = YES;
				CLANG_WARN_CONSTANT_CONVERSION = YES;
				CLANG_WARN_DEPRECATED_OBJC_IMPLEMENTATIONS = YES;
				CLANG_WARN_DIRECT_OBJC_ISA_USAGE = YES_ERROR;
				CLANG_WARN_DOCUMENTATION_COMMENTS = YES;
				CLANG_WARN_EMPTY_BODY = YES;
				CLANG_WARN_ENUM_CONVERSION = YES;
				CLANG_WARN_INFINITE_RECURSION = YES;
				CLANG_WARN_INT_CONVERSION = YES;
				CLANG_WARN_NON_LITERAL_NULL_CONVERSION = YES;
				CLANG_WARN_OBJC_IMPLICIT_RETAIN_SELF = YES;
				CLANG_WARN_OBJC_LITERAL_CONVERSION = YES;
				CLANG_WARN_OBJC_ROOT_CLASS = YES_ERROR;
				CLANG_WARN_QUOTED_INCLUDE_IN_FRAMEWORK_HEADER = YES;
				CLANG_WARN_RANGE_LOOP_ANALYSIS = YES;
				CLANG_WARN_STRICT_PROTOTYPES = YES;
				CLANG_WARN_SUSPICIOUS_MOVE = YES;
				CLANG_WARN_UNGUARDED_AVAILABILITY = YES_AGGRESSIVE;
				CLANG_WARN_UNREACHABLE_CODE = YES;
				CLANG_WARN__DUPLICATE_METHOD_MATCH = YES;
				COPY_PHASE_STRIP = NO;
				DEBUG_INFORMATION_FORMAT = dwarf;
				ENABLE_STRICT_OBJC_MSGSEND = YES;
				ENABLE_TESTABILITY = YES;
				GCC_C_LANGUAGE_STANDARD = gnu11;
				GCC_DYNAMIC_NO_PIC = NO;
				GCC_NO_COMMON_BLOCKS = YES;
				GCC_OPTIMIZATION_LEVEL = 0;
				GCC_PREPROCESSOR_DEFINITIONS = (
					"DEBUG=1",
					"$(inherited)",
				);
				GCC_WARN_64_TO_32_BIT_CONVERSION = YES;
				GCC_WARN_ABOUT_RETURN_TYPE = YES_ERROR;
				GCC_WARN_UNDECLARED_SELECTOR = YES;
				GCC_WARN_UNINITIALIZED_AUTOS = YES_AGGRESSIVE;
				GCC_WARN_UNUSED_FUNCTION = YES;
				GCC_WARN_UNUSED_VARIABLE = YES;
				IPHONEOS_DEPLOYMENT_TARGET = 16.4;
				MTL_ENABLE_DEBUG_INFO = INCLUDE_SOURCE;
				MTL_FAST_MATH = YES;
				ONLY_ACTIVE_ARCH = YES;
				SDKROOT = iphoneos;
				SWIFT_ACTIVE_COMPILATION_CONDITIONS = DEBUG;
				SWIFT_OPTIMIZATION_LEVEL = "-Onone";
			};
			name = Debug;
		};
		656BC9AB2E3FA9F800943FE1 /* Release */ = {
			isa = XCBuildConfiguration;
			buildSettings = {
				ALWAYS_SEARCH_USER_PATHS = NO;
				CLANG_ANALYZER_NONNULL = YES;
				CLANG_ANALYZER_NUMBER_OBJECT_CONVERSION = YES_AGGRESSIVE;
				CLANG_CXX_LANGUAGE_STANDARD = "gnu++20";
				CLANG_ENABLE_MODULES = YES;
				CLANG_ENABLE_OBJC_ARC = YES;
				CLANG_ENABLE_OBJC_WEAK = YES;
				CLANG_WARN_BLOCK_CAPTURE_AUTORELEASING = YES;
				CLANG_WARN_BOOL_CONVERSION = YES;
				CLANG_WARN_COMMA = YES;
				CLANG_WARN_CONSTANT_CONVERSION = YES;
				CLANG_WARN_DEPRECATED_OBJC_IMPLEMENTATIONS = YES;
				CLANG_WARN_DIRECT_OBJC_ISA_USAGE = YES_ERROR;
				CLANG_WARN_DOCUMENTATION_COMMENTS = YES;
				CLANG_WARN_EMPTY_BODY = YES;
				CLANG_WARN_ENUM_CONVERSION = YES;
				CLANG_WARN_INFINITE_RECURSION = YES;
				CLANG_WARN_INT_CONVERSION = YES;
				CLANG_WARN_NON_LITERAL_NULL_CONVERSION = YES;
				CLANG_WARN_OBJC_IMPLICIT_RETAIN_SELF = YES;
				CLANG_WARN_OBJC_LITERAL_CONVERSION = YES;
				CLANG_WARN_OBJC_ROOT_CLASS = YES_ERROR;
				CLANG_WARN_QUOTED_INCLUDE_IN_FRAMEWORK_HEADER = YES;
				CLANG_WARN_RANGE_LOOP_ANALYSIS = YES;
				CLANG_WARN_STRICT_PROTOTYPES = YES;
				CLANG_WARN_SUSPICIOUS_MOVE = YES;
				CLANG_WARN_UNGUARDED_AVAILABILITY = YES_AGGRESSIVE;
				CLANG_WARN_UNREACHABLE_CODE = YES;
				CLANG_WARN__DUPLICATE_METHOD_MATCH = YES;
				COPY_PHASE_STRIP = NO;
				DEBUG_INFORMATION_FORMAT = "dwarf-with-dsym";
				ENABLE_NS_ASSERTIONS = NO;
				ENABLE_STRICT_OBJC_MSGSEND = YES;
				GCC_C_LANGUAGE_STANDARD = gnu11;
				GCC_NO_COMMON_BLOCKS = YES;
				GCC_WARN_64_TO_32_BIT_CONVERSION = YES;
				GCC_WARN_ABOUT_RETURN_TYPE = YES_ERROR;
				GCC_WARN_UNDECLARED_SELECTOR = YES;
				GCC_WARN_UNINITIALIZED_AUTOS = YES_AGGRESSIVE;
				GCC_WARN_UNUSED_FUNCTION = YES;
				GCC_WARN_UNUSED_VARIABLE = YES;
				IPHONEOS_DEPLOYMENT_TARGET = 16.4;
				MTL_ENABLE_DEBUG_INFO = NO;
				MTL_FAST_MATH = YES;
				SDKROOT = iphoneos;
				SWIFT_COMPILATION_MODE = wholemodule;
				SWIFT_OPTIMIZATION_LEVEL = "-O";
				VALIDATE_PRODUCT = YES;
			};
			name = Release;
		};
		656BC9AD2E3FA9F800943FE1 /* Debug */ = {
			isa = XCBuildConfiguration;
			buildSettings = {
				ASSETCATALOG_COMPILER_APPICON_NAME = AppIcon;
				ASSETCATALOG_COMPILER_GLOBAL_ACCENT_COLOR_NAME = AccentColor;
				CODE_SIGN_STYLE = Automatic;
				CURRENT_PROJECT_VERSION = 1;
				DEVELOPMENT_ASSET_PATHS = "\"FurnitureApp/Resources/Preview Content\"";
				DEVELOPMENT_TEAM = 9SY6UXVRUN;
				ENABLE_PREVIEWS = YES;
				GENERATE_INFOPLIST_FILE = YES;
				INFOPLIST_FILE = FurnitureApp/Resources/Info.plist;
				INFOPLIST_KEY_UIApplicationSceneManifest_Generation = YES;
				INFOPLIST_KEY_UIApplicationSupportsIndirectInputEvents = YES;
				INFOPLIST_KEY_UILaunchScreen_Generation = YES;
				INFOPLIST_KEY_UISupportedInterfaceOrientations_iPad = "UIInterfaceOrientationPortrait UIInterfaceOrientationPortraitUpsideDown UIInterfaceOrientationLandscapeLeft UIInterfaceOrientationLandscapeRight";
				INFOPLIST_KEY_UISupportedInterfaceOrientations_iPhone = "UIInterfaceOrientationPortrait UIInterfaceOrientationLandscapeLeft UIInterfaceOrientationLandscapeRight";
				LD_RUNPATH_SEARCH_PATHS = (
					"$(inherited)",
					"@executable_path/Frameworks",
				);
				MARKETING_VERSION = 1.0;
				PRODUCT_BUNDLE_IDENTIFIER = com.LinkDevelopment.FurnitureApp;
				PRODUCT_NAME = "$(TARGET_NAME)";
				SWIFT_EMIT_LOC_STRINGS = YES;
				SWIFT_VERSION = 5.0;
				TARGETED_DEVICE_FAMILY = "1,2";
			};
			name = Debug;
		};
		656BC9AE2E3FA9F800943FE1 /* Release */ = {
			isa = XCBuildConfiguration;
			buildSettings = {
				ASSETCATALOG_COMPILER_APPICON_NAME = AppIcon;
				ASSETCATALOG_COMPILER_GLOBAL_ACCENT_COLOR_NAME = AccentColor;
				CODE_SIGN_STYLE = Automatic;
				CURRENT_PROJECT_VERSION = 1;
				DEVELOPMENT_ASSET_PATHS = "\"FurnitureApp/Resources/Preview Content\"";
				DEVELOPMENT_TEAM = 9SY6UXVRUN;
				ENABLE_PREVIEWS = YES;
				GENERATE_INFOPLIST_FILE = YES;
				INFOPLIST_FILE = FurnitureApp/Resources/Info.plist;
				INFOPLIST_KEY_UIApplicationSceneManifest_Generation = YES;
				INFOPLIST_KEY_UIApplicationSupportsIndirectInputEvents = YES;
				INFOPLIST_KEY_UILaunchScreen_Generation = YES;
				INFOPLIST_KEY_UISupportedInterfaceOrientations_iPad = "UIInterfaceOrientationPortrait UIInterfaceOrientationPortraitUpsideDown UIInterfaceOrientationLandscapeLeft UIInterfaceOrientationLandscapeRight";
				INFOPLIST_KEY_UISupportedInterfaceOrientations_iPhone = "UIInterfaceOrientationPortrait UIInterfaceOrientationLandscapeLeft UIInterfaceOrientationLandscapeRight";
				LD_RUNPATH_SEARCH_PATHS = (
					"$(inherited)",
					"@executable_path/Frameworks",
				);
				MARKETING_VERSION = 1.0;
				PRODUCT_BUNDLE_IDENTIFIER = com.LinkDevelopment.FurnitureApp;
				PRODUCT_NAME = "$(TARGET_NAME)";
				SWIFT_EMIT_LOC_STRINGS = YES;
				SWIFT_VERSION = 5.0;
				TARGETED_DEVICE_FAMILY = "1,2";
			};
			name = Release;
		};
		656BC9B02E3FA9F800943FE1 /* Debug */ = {
			isa = XCBuildConfiguration;
			buildSettings = {
				ALWAYS_EMBED_SWIFT_STANDARD_LIBRARIES = YES;
				BUNDLE_LOADER = "$(TEST_HOST)";
				CODE_SIGN_STYLE = Automatic;
				CURRENT_PROJECT_VERSION = 1;
				DEVELOPMENT_TEAM = 9SY6UXVRUN;
				GENERATE_INFOPLIST_FILE = YES;
				IPHONEOS_DEPLOYMENT_TARGET = 16.4;
				MARKETING_VERSION = 1.0;
				PRODUCT_BUNDLE_IDENTIFIER = com.LinkDevelopment.FurnitureAppTests;
				PRODUCT_NAME = "$(TARGET_NAME)";
				SWIFT_EMIT_LOC_STRINGS = NO;
				SWIFT_VERSION = 5.0;
				TARGETED_DEVICE_FAMILY = "1,2";
				TEST_HOST = "$(BUILT_PRODUCTS_DIR)/FurnitureApp.app/$(BUNDLE_EXECUTABLE_FOLDER_PATH)/FurnitureApp";
			};
			name = Debug;
		};
		656BC9B12E3FA9F800943FE1 /* Release */ = {
			isa = XCBuildConfiguration;
			buildSettings = {
				ALWAYS_EMBED_SWIFT_STANDARD_LIBRARIES = YES;
				BUNDLE_LOADER = "$(TEST_HOST)";
				CODE_SIGN_STYLE = Automatic;
				CURRENT_PROJECT_VERSION = 1;
				DEVELOPMENT_TEAM = 9SY6UXVRUN;
				GENERATE_INFOPLIST_FILE = YES;
				IPHONEOS_DEPLOYMENT_TARGET = 16.4;
				MARKETING_VERSION = 1.0;
				PRODUCT_BUNDLE_IDENTIFIER = com.LinkDevelopment.FurnitureAppTests;
				PRODUCT_NAME = "$(TARGET_NAME)";
				SWIFT_EMIT_LOC_STRINGS = NO;
				SWIFT_VERSION = 5.0;
				TARGETED_DEVICE_FAMILY = "1,2";
				TEST_HOST = "$(BUILT_PRODUCTS_DIR)/FurnitureApp.app/$(BUNDLE_EXECUTABLE_FOLDER_PATH)/FurnitureApp";
			};
			name = Release;
		};
		656BC9B32E3FA9F800943FE1 /* Debug */ = {
			isa = XCBuildConfiguration;
			buildSettings = {
				ALWAYS_EMBED_SWIFT_STANDARD_LIBRARIES = YES;
				CODE_SIGN_STYLE = Automatic;
				CURRENT_PROJECT_VERSION = 1;
				DEVELOPMENT_TEAM = 9SY6UXVRUN;
				GENERATE_INFOPLIST_FILE = YES;
				MARKETING_VERSION = 1.0;
				PRODUCT_BUNDLE_IDENTIFIER = com.LinkDevelopment.FurnitureAppUITests;
				PRODUCT_NAME = "$(TARGET_NAME)";
				SWIFT_EMIT_LOC_STRINGS = NO;
				SWIFT_VERSION = 5.0;
				TARGETED_DEVICE_FAMILY = "1,2";
				TEST_TARGET_NAME = FurnitureApp;
			};
			name = Debug;
		};
		656BC9B42E3FA9F800943FE1 /* Release */ = {
			isa = XCBuildConfiguration;
			buildSettings = {
				ALWAYS_EMBED_SWIFT_STANDARD_LIBRARIES = YES;
				CODE_SIGN_STYLE = Automatic;
				CURRENT_PROJECT_VERSION = 1;
				DEVELOPMENT_TEAM = 9SY6UXVRUN;
				GENERATE_INFOPLIST_FILE = YES;
				MARKETING_VERSION = 1.0;
				PRODUCT_BUNDLE_IDENTIFIER = com.LinkDevelopment.FurnitureAppUITests;
				PRODUCT_NAME = "$(TARGET_NAME)";
				SWIFT_EMIT_LOC_STRINGS = NO;
				SWIFT_VERSION = 5.0;
				TARGETED_DEVICE_FAMILY = "1,2";
				TEST_TARGET_NAME = FurnitureApp;
			};
			name = Release;
		};
		6592CDE62E40D89E00B5DB6B /* Debug */ = {
			isa = XCBuildConfiguration;
			buildSettings = {
				ASSETCATALOG_COMPILER_APPICON_NAME = AppIcon;
				ASSETCATALOG_COMPILER_GLOBAL_ACCENT_COLOR_NAME = AccentColor;
				CODE_SIGN_STYLE = Automatic;
				CURRENT_PROJECT_VERSION = 1;
				DEVELOPMENT_ASSET_PATHS = "\"MerchantProject/Preview Content\"";
				DEVELOPMENT_TEAM = 9SY6UXVRUN;
				ENABLE_PREVIEWS = YES;
				GENERATE_INFOPLIST_FILE = YES;
				INFOPLIST_KEY_UIApplicationSceneManifest_Generation = YES;
				INFOPLIST_KEY_UIApplicationSupportsIndirectInputEvents = YES;
				INFOPLIST_KEY_UILaunchScreen_Generation = YES;
				INFOPLIST_KEY_UISupportedInterfaceOrientations_iPad = "UIInterfaceOrientationPortrait UIInterfaceOrientationPortraitUpsideDown UIInterfaceOrientationLandscapeLeft UIInterfaceOrientationLandscapeRight";
				INFOPLIST_KEY_UISupportedInterfaceOrientations_iPhone = "UIInterfaceOrientationPortrait UIInterfaceOrientationLandscapeLeft UIInterfaceOrientationLandscapeRight";
				LD_RUNPATH_SEARCH_PATHS = (
					"$(inherited)",
					"@executable_path/Frameworks",
				);
				MARKETING_VERSION = 1.0;
				PRODUCT_BUNDLE_IDENTIFIER = com.LinkDevelopment.MerchantProject;
				PRODUCT_NAME = "$(TARGET_NAME)";
				SWIFT_EMIT_LOC_STRINGS = YES;
				SWIFT_VERSION = 5.0;
				TARGETED_DEVICE_FAMILY = "1,2";
			};
			name = Debug;
		};
		6592CDE72E40D89E00B5DB6B /* Release */ = {
			isa = XCBuildConfiguration;
			buildSettings = {
				ASSETCATALOG_COMPILER_APPICON_NAME = AppIcon;
				ASSETCATALOG_COMPILER_GLOBAL_ACCENT_COLOR_NAME = AccentColor;
				CODE_SIGN_STYLE = Automatic;
				CURRENT_PROJECT_VERSION = 1;
				DEVELOPMENT_ASSET_PATHS = "\"MerchantProject/Preview Content\"";
				DEVELOPMENT_TEAM = 9SY6UXVRUN;
				ENABLE_PREVIEWS = YES;
				GENERATE_INFOPLIST_FILE = YES;
				INFOPLIST_KEY_UIApplicationSceneManifest_Generation = YES;
				INFOPLIST_KEY_UIApplicationSupportsIndirectInputEvents = YES;
				INFOPLIST_KEY_UILaunchScreen_Generation = YES;
				INFOPLIST_KEY_UISupportedInterfaceOrientations_iPad = "UIInterfaceOrientationPortrait UIInterfaceOrientationPortraitUpsideDown UIInterfaceOrientationLandscapeLeft UIInterfaceOrientationLandscapeRight";
				INFOPLIST_KEY_UISupportedInterfaceOrientations_iPhone = "UIInterfaceOrientationPortrait UIInterfaceOrientationLandscapeLeft UIInterfaceOrientationLandscapeRight";
				LD_RUNPATH_SEARCH_PATHS = (
					"$(inherited)",
					"@executable_path/Frameworks",
				);
				MARKETING_VERSION = 1.0;
				PRODUCT_BUNDLE_IDENTIFIER = com.LinkDevelopment.MerchantProject;
				PRODUCT_NAME = "$(TARGET_NAME)";
				SWIFT_EMIT_LOC_STRINGS = YES;
				SWIFT_VERSION = 5.0;
				TARGETED_DEVICE_FAMILY = "1,2";
			};
			name = Release;
		};
		6592CDE82E40D89E00B5DB6B /* Debug */ = {
			isa = XCBuildConfiguration;
			buildSettings = {
				ALWAYS_EMBED_SWIFT_STANDARD_LIBRARIES = YES;
				BUNDLE_LOADER = "$(TEST_HOST)";
				CODE_SIGN_STYLE = Automatic;
				CURRENT_PROJECT_VERSION = 1;
				DEVELOPMENT_TEAM = 9SY6UXVRUN;
				GENERATE_INFOPLIST_FILE = YES;
				IPHONEOS_DEPLOYMENT_TARGET = 16.4;
				MARKETING_VERSION = 1.0;
				PRODUCT_BUNDLE_IDENTIFIER = com.LinkDevelopment.MerchantProjectTests;
				PRODUCT_NAME = "$(TARGET_NAME)";
				SWIFT_EMIT_LOC_STRINGS = NO;
				SWIFT_VERSION = 5.0;
				TARGETED_DEVICE_FAMILY = "1,2";
				TEST_HOST = "$(BUILT_PRODUCTS_DIR)/MerchantProject.app/$(BUNDLE_EXECUTABLE_FOLDER_PATH)/MerchantProject";
			};
			name = Debug;
		};
		6592CDE92E40D89E00B5DB6B /* Release */ = {
			isa = XCBuildConfiguration;
			buildSettings = {
				ALWAYS_EMBED_SWIFT_STANDARD_LIBRARIES = YES;
				BUNDLE_LOADER = "$(TEST_HOST)";
				CODE_SIGN_STYLE = Automatic;
				CURRENT_PROJECT_VERSION = 1;
				DEVELOPMENT_TEAM = 9SY6UXVRUN;
				GENERATE_INFOPLIST_FILE = YES;
				IPHONEOS_DEPLOYMENT_TARGET = 16.4;
				MARKETING_VERSION = 1.0;
				PRODUCT_BUNDLE_IDENTIFIER = com.LinkDevelopment.MerchantProjectTests;
				PRODUCT_NAME = "$(TARGET_NAME)";
				SWIFT_EMIT_LOC_STRINGS = NO;
				SWIFT_VERSION = 5.0;
				TARGETED_DEVICE_FAMILY = "1,2";
				TEST_HOST = "$(BUILT_PRODUCTS_DIR)/MerchantProject.app/$(BUNDLE_EXECUTABLE_FOLDER_PATH)/MerchantProject";
			};
			name = Release;
		};
		6592CDEA2E40D89E00B5DB6B /* Debug */ = {
			isa = XCBuildConfiguration;
			buildSettings = {
				ALWAYS_EMBED_SWIFT_STANDARD_LIBRARIES = YES;
				CODE_SIGN_STYLE = Automatic;
				CURRENT_PROJECT_VERSION = 1;
				DEVELOPMENT_TEAM = 9SY6UXVRUN;
				GENERATE_INFOPLIST_FILE = YES;
				MARKETING_VERSION = 1.0;
				PRODUCT_BUNDLE_IDENTIFIER = com.LinkDevelopment.MerchantProjectUITests;
				PRODUCT_NAME = "$(TARGET_NAME)";
				SWIFT_EMIT_LOC_STRINGS = NO;
				SWIFT_VERSION = 5.0;
				TARGETED_DEVICE_FAMILY = "1,2";
				TEST_TARGET_NAME = MerchantProject;
			};
			name = Debug;
		};
		6592CDEB2E40D89E00B5DB6B /* Release */ = {
			isa = XCBuildConfiguration;
			buildSettings = {
				ALWAYS_EMBED_SWIFT_STANDARD_LIBRARIES = YES;
				CODE_SIGN_STYLE = Automatic;
				CURRENT_PROJECT_VERSION = 1;
				DEVELOPMENT_TEAM = 9SY6UXVRUN;
				GENERATE_INFOPLIST_FILE = YES;
				MARKETING_VERSION = 1.0;
				PRODUCT_BUNDLE_IDENTIFIER = com.LinkDevelopment.MerchantProjectUITests;
				PRODUCT_NAME = "$(TARGET_NAME)";
				SWIFT_EMIT_LOC_STRINGS = NO;
				SWIFT_VERSION = 5.0;
				TARGETED_DEVICE_FAMILY = "1,2";
				TEST_TARGET_NAME = MerchantProject;
			};
			name = Release;
		};
/* End XCBuildConfiguration section */

/* Begin XCConfigurationList section */
		656BC9832E3FA9F500943FE1 /* Build configuration list for PBXProject "FurnitureApp" */ = {
			isa = XCConfigurationList;
			buildConfigurations = (
				656BC9AA2E3FA9F800943FE1 /* Debug */,
				656BC9AB2E3FA9F800943FE1 /* Release */,
			);
			defaultConfigurationIsVisible = 0;
			defaultConfigurationName = Release;
		};
		656BC9AC2E3FA9F800943FE1 /* Build configuration list for PBXNativeTarget "FurnitureApp" */ = {
			isa = XCConfigurationList;
			buildConfigurations = (
				656BC9AD2E3FA9F800943FE1 /* Debug */,
				656BC9AE2E3FA9F800943FE1 /* Release */,
			);
			defaultConfigurationIsVisible = 0;
			defaultConfigurationName = Release;
		};
		656BC9AF2E3FA9F800943FE1 /* Build configuration list for PBXNativeTarget "FurnitureAppTests" */ = {
			isa = XCConfigurationList;
			buildConfigurations = (
				656BC9B02E3FA9F800943FE1 /* Debug */,
				656BC9B12E3FA9F800943FE1 /* Release */,
			);
			defaultConfigurationIsVisible = 0;
			defaultConfigurationName = Release;
		};
		656BC9B22E3FA9F800943FE1 /* Build configuration list for PBXNativeTarget "FurnitureAppUITests" */ = {
			isa = XCConfigurationList;
			buildConfigurations = (
				656BC9B32E3FA9F800943FE1 /* Debug */,
				656BC9B42E3FA9F800943FE1 /* Release */,
			);
			defaultConfigurationIsVisible = 0;
			defaultConfigurationName = Release;
		};
		6592CDEC2E40D89E00B5DB6B /* Build configuration list for PBXNativeTarget "MerchantProject" */ = {
			isa = XCConfigurationList;
			buildConfigurations = (
				6592CDE62E40D89E00B5DB6B /* Debug */,
				6592CDE72E40D89E00B5DB6B /* Release */,
			);
			defaultConfigurationIsVisible = 0;
			defaultConfigurationName = Release;
		};
		6592CDED2E40D89E00B5DB6B /* Build configuration list for PBXNativeTarget "MerchantProjectTests" */ = {
			isa = XCConfigurationList;
			buildConfigurations = (
				6592CDE82E40D89E00B5DB6B /* Debug */,
				6592CDE92E40D89E00B5DB6B /* Release */,
			);
			defaultConfigurationIsVisible = 0;
			defaultConfigurationName = Release;
		};
		6592CDEE2E40D89E00B5DB6B /* Build configuration list for PBXNativeTarget "MerchantProjectUITests" */ = {
			isa = XCConfigurationList;
			buildConfigurations = (
				6592CDEA2E40D89E00B5DB6B /* Debug */,
				6592CDEB2E40D89E00B5DB6B /* Release */,
			);
			defaultConfigurationIsVisible = 0;
			defaultConfigurationName = Release;
		};
/* End XCConfigurationList section */
	};
	rootObject = 656BC9802E3FA9F500943FE1 /* Project object */;
}
