// !$*UTF8*$!
{
	archiveVersion = 1;
	classes = {
	};
	objectVersion = 56;
	objects = {

/* Begin PBXBuildFile section */
		6525155A2E43C32400A23897 /* FirebaseAnalytics in Frameworks */ = {isa = PBXBuildFile; productRef = 652515592E43C32400A23897 /* FirebaseAnalytics */; };
		6525155C2E43C32400A23897 /* FirebaseAnalyticsOnDeviceConversion in Frameworks */ = {isa = PBXBuildFile; productRef = 6525155B2E43C32400A23897 /* FirebaseAnalyticsOnDeviceConversion */; };
		6525155E2E43C32400A23897 /* FirebaseAnalyticsSwift in Frameworks */ = {isa = PBXBuildFile; productRef = 6525155D2E43C32400A23897 /* FirebaseAnalyticsSwift */; };
		652515602E43C32400A23897 /* FirebaseAnalyticsWithoutAdIdSupport in Frameworks */ = {isa = PBXBuildFile; productRef = 6525155F2E43C32400A23897 /* FirebaseAnalyticsWithoutAdIdSupport */; };
		652515622E43C32400A23897 /* FirebaseAppCheck in Frameworks */ = {isa = PBXBuildFile; productRef = 652515612E43C32400A23897 /* FirebaseAppCheck */; };
		652515642E43C32400A23897 /* FirebaseAppDistribution-Beta in Frameworks */ = {isa = PBXBuildFile; productRef = 652515632E43C32400A23897 /* FirebaseAppDistribution-Beta */; };
		652515662E43C32400A23897 /* FirebaseAuth in Frameworks */ = {isa = PBXBuildFile; productRef = 652515652E43C32400A23897 /* FirebaseAuth */; };
		652515682E43C32400A23897 /* FirebaseAuthCombine-Community in Frameworks */ = {isa = PBXBuildFile; productRef = 652515672E43C32400A23897 /* FirebaseAuthCombine-Community */; };
		6525156A2E43C32400A23897 /* FirebaseCrashlytics in Frameworks */ = {isa = PBXBuildFile; productRef = 652515692E43C32400A23897 /* FirebaseCrashlytics */; };
		6525156C2E43C32400A23897 /* FirebaseDatabase in Frameworks */ = {isa = PBXBuildFile; productRef = 6525156B2E43C32400A23897 /* FirebaseDatabase */; };
		6525156E2E43C32400A23897 /* FirebaseDatabaseSwift in Frameworks */ = {isa = PBXBuildFile; productRef = 6525156D2E43C32400A23897 /* FirebaseDatabaseSwift */; };
		652515702E43C32400A23897 /* FirebaseDynamicLinks in Frameworks */ = {isa = PBXBuildFile; productRef = 6525156F2E43C32400A23897 /* FirebaseDynamicLinks */; };
		652515722E43C32400A23897 /* FirebaseFirestore in Frameworks */ = {isa = PBXBuildFile; productRef = 652515712E43C32400A23897 /* FirebaseFirestore */; };
		652515742E43C32400A23897 /* FirebaseFirestoreCombine-Community in Frameworks */ = {isa = PBXBuildFile; productRef = 652515732E43C32400A23897 /* FirebaseFirestoreCombine-Community */; };
		652515762E43C32400A23897 /* FirebaseFirestoreSwift in Frameworks */ = {isa = PBXBuildFile; productRef = 652515752E43C32400A23897 /* FirebaseFirestoreSwift */; };
		652515782E43C32400A23897 /* FirebaseFunctions in Frameworks */ = {isa = PBXBuildFile; productRef = 652515772E43C32400A23897 /* FirebaseFunctions */; };
		6525157A2E43C32400A23897 /* FirebaseFunctionsCombine-Community in Frameworks */ = {isa = PBXBuildFile; productRef = 652515792E43C32400A23897 /* FirebaseFunctionsCombine-Community */; };
		6525157C2E43C32400A23897 /* FirebaseInAppMessaging-Beta in Frameworks */ = {isa = PBXBuildFile; productRef = 6525157B2E43C32400A23897 /* FirebaseInAppMessaging-Beta */; };
		6525157E2E43C32400A23897 /* FirebaseInAppMessagingSwift-Beta in Frameworks */ = {isa = PBXBuildFile; productRef = 6525157D2E43C32400A23897 /* FirebaseInAppMessagingSwift-Beta */; };
		652515802E43C32400A23897 /* FirebaseInstallations in Frameworks */ = {isa = PBXBuildFile; productRef = 6525157F2E43C32400A23897 /* FirebaseInstallations */; };
		652515822E43C32400A23897 /* FirebaseMLModelDownloader in Frameworks */ = {isa = PBXBuildFile; productRef = 652515812E43C32400A23897 /* FirebaseMLModelDownloader */; };
		652515842E43C32400A23897 /* FirebaseMessaging in Frameworks */ = {isa = PBXBuildFile; productRef = 652515832E43C32400A23897 /* FirebaseMessaging */; };
		652515862E43C32400A23897 /* FirebasePerformance in Frameworks */ = {isa = PBXBuildFile; productRef = 652515852E43C32400A23897 /* FirebasePerformance */; };
		652515882E43C32400A23897 /* FirebaseRemoteConfig in Frameworks */ = {isa = PBXBuildFile; productRef = 652515872E43C32400A23897 /* FirebaseRemoteConfig */; };
		6525158A2E43C32400A23897 /* FirebaseRemoteConfigSwift in Frameworks */ = {isa = PBXBuildFile; productRef = 652515892E43C32400A23897 /* FirebaseRemoteConfigSwift */; };
		6525158C2E43C32400A23897 /* FirebaseStorage in Frameworks */ = {isa = PBXBuildFile; productRef = 6525158B2E43C32400A23897 /* FirebaseStorage */; };
		6525158E2E43C32400A23897 /* FirebaseStorageCombine-Community in Frameworks */ = {isa = PBXBuildFile; productRef = 6525158D2E43C32400A23897 /* FirebaseStorageCombine-Community */; };
		652515902E43C32400A23897 /* FirebaseVertexAI-Preview in Frameworks */ = {isa = PBXBuildFile; productRef = 6525158F2E43C32400A23897 /* FirebaseVertexAI-Preview */; };
		656BC98C2E3FA9F500943FE1 /* FurnitureApp.swift in Sources */ = {isa = PBXBuildFile; fileRef = 656BC98B2E3FA9F500943FE1 /* FurnitureApp.swift */; };
		656BC9902E3FA9F700943FE1 /* Assets.xcassets in Resources */ = {isa = PBXBuildFile; fileRef = 656BC98F2E3FA9F700943FE1 /* Assets.xcassets */; };
		656BC9932E3FA9F700943FE1 /* Preview Assets.xcassets in Resources */ = {isa = PBXBuildFile; fileRef = 656BC9922E3FA9F700943FE1 /* Preview Assets.xcassets */; };
		656BC99D2E3FA9F800943FE1 /* FurnitureAppTests.swift in Sources */ = {isa = PBXBuildFile; fileRef = 656BC99C2E3FA9F800943FE1 /* FurnitureAppTests.swift */; };
		656BC9A72E3FA9F800943FE1 /* FurnitureAppUITests.swift in Sources */ = {isa = PBXBuildFile; fileRef = 656BC9A62E3FA9F800943FE1 /* FurnitureAppUITests.swift */; };
		656BC9A92E3FA9F800943FE1 /* FurnitureAppUITestsLaunchTests.swift in Sources */ = {isa = PBXBuildFile; fileRef = 656BC9A82E3FA9F800943FE1 /* FurnitureAppUITestsLaunchTests.swift */; };
		65B5C43E2E4283D500684A8F /* LanguageManager.swift in Sources */ = {isa = PBXBuildFile; fileRef = 65B5C43D2E4283D500684A8F /* LanguageManager.swift */; };
		65B5C4422E42B1CF00684A8F /* Localizable.strings in Resources */ = {isa = PBXBuildFile; fileRef = 65B5C4442E42B1CF00684A8F /* Localizable.strings */; };
		65C3C5FD2E3FB49C001EECF1 /* Inter_28pt-Regular.ttf in Resources */ = {isa = PBXBuildFile; fileRef = 65C3C5F82E3FB49A001EECF1 /* Inter_28pt-Regular.ttf */; };
		65C3C5FE2E3FB49C001EECF1 /* Inter_28pt-SemiBold.ttf in Resources */ = {isa = PBXBuildFile; fileRef = 65C3C5F92E3FB49B001EECF1 /* Inter_28pt-SemiBold.ttf */; };
		65C3C5FF2E3FB49C001EECF1 /* Inter_28pt-Medium.ttf in Resources */ = {isa = PBXBuildFile; fileRef = 65C3C5FA2E3FB49B001EECF1 /* Inter_28pt-Medium.ttf */; };
		65C3C6002E3FB49C001EECF1 /* Inter_28pt-Italic.ttf in Resources */ = {isa = PBXBuildFile; fileRef = 65C3C5FB2E3FB49B001EECF1 /* Inter_28pt-Italic.ttf */; };
		65C3C6012E3FB49C001EECF1 /* Inter_28pt-Bold.ttf in Resources */ = {isa = PBXBuildFile; fileRef = 65C3C5FC2E3FB49B001EECF1 /* Inter_28pt-Bold.ttf */; };
		65C3C6052E3FB7D5001EECF1 /* SplashView.swift in Sources */ = {isa = PBXBuildFile; fileRef = 65C3C6042E3FB7D5001EECF1 /* SplashView.swift */; };
/* End PBXBuildFile section */

/* Begin PBXContainerItemProxy section */
		656BC9992E3FA9F800943FE1 /* PBXContainerItemProxy */ = {
			isa = PBXContainerItemProxy;
			containerPortal = 656BC9802E3FA9F500943FE1 /* Project object */;
			proxyType = 1;
			remoteGlobalIDString = 656BC9872E3FA9F500943FE1;
			remoteInfo = FurnitureApp;
		};
		656BC9A32E3FA9F800943FE1 /* PBXContainerItemProxy */ = {
			isa = PBXContainerItemProxy;
			containerPortal = 656BC9802E3FA9F500943FE1 /* Project object */;
			proxyType = 1;
			remoteGlobalIDString = 656BC9872E3FA9F500943FE1;
			remoteInfo = FurnitureApp;
		};
/* End PBXContainerItemProxy section */

/* Begin PBXFileReference section */
		656BC9882E3FA9F500943FE1 /* FurnitureApp.app */ = {isa = PBXFileReference; explicitFileType = wrapper.application; includeInIndex = 0; path = FurnitureApp.app; sourceTree = BUILT_PRODUCTS_DIR; };
		656BC98B2E3FA9F500943FE1 /* FurnitureApp.swift */ = {isa = PBXFileReference; lastKnownFileType = sourcecode.swift; path = FurnitureApp.swift; sourceTree = "<group>"; };
		656BC98F2E3FA9F700943FE1 /* Assets.xcassets */ = {isa = PBXFileReference; lastKnownFileType = folder.assetcatalog; path = Assets.xcassets; sourceTree = "<group>"; };
		656BC9922E3FA9F700943FE1 /* Preview Assets.xcassets */ = {isa = PBXFileReference; lastKnownFileType = folder.assetcatalog; path = "Preview Assets.xcassets"; sourceTree = "<group>"; };
		656BC9982E3FA9F800943FE1 /* FurnitureAppTests.xctest */ = {isa = PBXFileReference; explicitFileType = wrapper.cfbundle; includeInIndex = 0; path = FurnitureAppTests.xctest; sourceTree = BUILT_PRODUCTS_DIR; };
		656BC99C2E3FA9F800943FE1 /* FurnitureAppTests.swift */ = {isa = PBXFileReference; lastKnownFileType = sourcecode.swift; path = FurnitureAppTests.swift; sourceTree = "<group>"; };
		656BC9A22E3FA9F800943FE1 /* FurnitureAppUITests.xctest */ = {isa = PBXFileReference; explicitFileType = wrapper.cfbundle; includeInIndex = 0; path = FurnitureAppUITests.xctest; sourceTree = BUILT_PRODUCTS_DIR; };
		656BC9A62E3FA9F800943FE1 /* FurnitureAppUITests.swift */ = {isa = PBXFileReference; lastKnownFileType = sourcecode.swift; path = FurnitureAppUITests.swift; sourceTree = "<group>"; };
		656BC9A82E3FA9F800943FE1 /* FurnitureAppUITestsLaunchTests.swift */ = {isa = PBXFileReference; lastKnownFileType = sourcecode.swift; path = FurnitureAppUITestsLaunchTests.swift; sourceTree = "<group>"; };
		65B5C43D2E4283D500684A8F /* LanguageManager.swift */ = {isa = PBXFileReference; lastKnownFileType = sourcecode.swift; path = LanguageManager.swift; sourceTree = "<group>"; };
		65B5C4432E42B1CF00684A8F /* en */ = {isa = PBXFileReference; lastKnownFileType = text.plist.strings; name = en; path = en.lproj/Localizable.strings; sourceTree = "<group>"; };
		65B5C4452E42B1D500684A8F /* ar */ = {isa = PBXFileReference; lastKnownFileType = text.plist.strings; name = ar; path = ar.lproj/Localizable.strings; sourceTree = "<group>"; };
		65C3C5F82E3FB49A001EECF1 /* Inter_28pt-Regular.ttf */ = {isa = PBXFileReference; lastKnownFileType = file; path = "Inter_28pt-Regular.ttf"; sourceTree = "<group>"; };
		65C3C5F92E3FB49B001EECF1 /* Inter_28pt-SemiBold.ttf */ = {isa = PBXFileReference; lastKnownFileType = file; path = "Inter_28pt-SemiBold.ttf"; sourceTree = "<group>"; };
		65C3C5FA2E3FB49B001EECF1 /* Inter_28pt-Medium.ttf */ = {isa = PBXFileReference; lastKnownFileType = file; path = "Inter_28pt-Medium.ttf"; sourceTree = "<group>"; };
		65C3C5FB2E3FB49B001EECF1 /* Inter_28pt-Italic.ttf */ = {isa = PBXFileReference; lastKnownFileType = file; path = "Inter_28pt-Italic.ttf"; sourceTree = "<group>"; };
		65C3C5FC2E3FB49B001EECF1 /* Inter_28pt-Bold.ttf */ = {isa = PBXFileReference; lastKnownFileType = file; path = "Inter_28pt-Bold.ttf"; sourceTree = "<group>"; };
		65C3C6032E3FB523001EECF1 /* Info.plist */ = {isa = PBXFileReference; lastKnownFileType = text.plist.xml; path = Info.plist; sourceTree = "<group>"; };
		65C3C6042E3FB7D5001EECF1 /* SplashView.swift */ = {isa = PBXFileReference; lastKnownFileType = sourcecode.swift; path = SplashView.swift; sourceTree = "<group>"; };
/* End PBXFileReference section */

/* Begin PBXFrameworksBuildPhase section */
		656BC9852E3FA9F500943FE1 /* Frameworks */ = {
			isa = PBXFrameworksBuildPhase;
			buildActionMask = 2147483647;
			files = (
				6525156C2E43C32400A23897 /* FirebaseDatabase in Frameworks */,
				6525157A2E43C32400A23897 /* FirebaseFunctionsCombine-Community in Frameworks */,
				652515722E43C32400A23897 /* FirebaseFirestore in Frameworks */,
				6525155E2E43C32400A23897 /* FirebaseAnalyticsSwift in Frameworks */,
				6525155A2E43C32400A23897 /* FirebaseAnalytics in Frameworks */,
				6525155C2E43C32400A23897 /* FirebaseAnalyticsOnDeviceConversion in Frameworks */,
				652515822E43C32400A23897 /* FirebaseMLModelDownloader in Frameworks */,
				652515762E43C32400A23897 /* FirebaseFirestoreSwift in Frameworks */,
				652515622E43C32400A23897 /* FirebaseAppCheck in Frameworks */,
				652515602E43C32400A23897 /* FirebaseAnalyticsWithoutAdIdSupport in Frameworks */,
				652515662E43C32400A23897 /* FirebaseAuth in Frameworks */,
				6525156A2E43C32400A23897 /* FirebaseCrashlytics in Frameworks */,
				6525158A2E43C32400A23897 /* FirebaseRemoteConfigSwift in Frameworks */,
				6525157C2E43C32400A23897 /* FirebaseInAppMessaging-Beta in Frameworks */,
				6525156E2E43C32400A23897 /* FirebaseDatabaseSwift in Frameworks */,
				652515782E43C32400A23897 /* FirebaseFunctions in Frameworks */,
				6525158E2E43C32400A23897 /* FirebaseStorageCombine-Community in Frameworks */,
				652515882E43C32400A23897 /* FirebaseRemoteConfig in Frameworks */,
				652515642E43C32400A23897 /* FirebaseAppDistribution-Beta in Frameworks */,
				652515682E43C32400A23897 /* FirebaseAuthCombine-Community in Frameworks */,
				652515862E43C32400A23897 /* FirebasePerformance in Frameworks */,
				6525157E2E43C32400A23897 /* FirebaseInAppMessagingSwift-Beta in Frameworks */,
				6525158C2E43C32400A23897 /* FirebaseStorage in Frameworks */,
				652515702E43C32400A23897 /* FirebaseDynamicLinks in Frameworks */,
				652515902E43C32400A23897 /* FirebaseVertexAI-Preview in Frameworks */,
				652515742E43C32400A23897 /* FirebaseFirestoreCombine-Community in Frameworks */,
				652515842E43C32400A23897 /* FirebaseMessaging in Frameworks */,
				652515802E43C32400A23897 /* FirebaseInstallations in Frameworks */,
			);
			runOnlyForDeploymentPostprocessing = 0;
		};
		656BC9952E3FA9F800943FE1 /* Frameworks */ = {
			isa = PBXFrameworksBuildPhase;
			buildActionMask = 2147483647;
			files = (
			);
			runOnlyForDeploymentPostprocessing = 0;
		};
		656BC99F2E3FA9F800943FE1 /* Frameworks */ = {
			isa = PBXFrameworksBuildPhase;
			buildActionMask = 2147483647;
			files = (
			);
			runOnlyForDeploymentPostprocessing = 0;
		};
/* End PBXFrameworksBuildPhase section */

/* Begin PBXGroup section */
		656BC97F2E3FA9F500943FE1 = {
			isa = PBXGroup;
			children = (
				656BC98A2E3FA9F500943FE1 /* FurnitureApp */,
				656BC99B2E3FA9F800943FE1 /* FurnitureAppTests */,
				656BC9A52E3FA9F800943FE1 /* FurnitureAppUITests */,
				656BC9892E3FA9F500943FE1 /* Products */,
				6592CE022E40EB4E00B5DB6B /* Frameworks */,
			);
			sourceTree = "<group>";
		};
		656BC9892E3FA9F500943FE1 /* Products */ = {
			isa = PBXGroup;
			children = (
				656BC9882E3FA9F500943FE1 /* FurnitureApp.app */,
				656BC9982E3FA9F800943FE1 /* FurnitureAppTests.xctest */,
				656BC9A22E3FA9F800943FE1 /* FurnitureAppUITests.xctest */,
			);
			name = Products;
			sourceTree = "<group>";
		};
		656BC98A2E3FA9F500943FE1 /* FurnitureApp */ = {
			isa = PBXGroup;
			children = (
				65C3C5F62E3FB207001EECF1 /* Scenes */,
				65C3C5F52E3FB084001EECF1 /* App */,
				65C3C5F72E3FB22E001EECF1 /* Resources */,
				6587FF462E434818008866EB /* Utitlites */,
			);
			path = FurnitureApp;
			sourceTree = "<group>";
		};
		656BC9912E3FA9F700943FE1 /* Preview Content */ = {
			isa = PBXGroup;
			children = (
				656BC9922E3FA9F700943FE1 /* Preview Assets.xcassets */,
			);
			path = "Preview Content";
			sourceTree = "<group>";
		};
		656BC99B2E3FA9F800943FE1 /* FurnitureAppTests */ = {
			isa = PBXGroup;
			children = (
				656BC99C2E3FA9F800943FE1 /* FurnitureAppTests.swift */,
			);
			path = FurnitureAppTests;
			sourceTree = "<group>";
		};
		656BC9A52E3FA9F800943FE1 /* FurnitureAppUITests */ = {
			isa = PBXGroup;
			children = (
				656BC9A62E3FA9F800943FE1 /* FurnitureAppUITests.swift */,
				656BC9A82E3FA9F800943FE1 /* FurnitureAppUITestsLaunchTests.swift */,
			);
			path = FurnitureAppUITests;
			sourceTree = "<group>";
		};
		6587FF462E434818008866EB /* Utitlites */ = {
			isa = PBXGroup;
			children = (
				65B5C43D2E4283D500684A8F /* LanguageManager.swift */,
			);
			path = Utitlites;
			sourceTree = "<group>";
		};
		6592CE022E40EB4E00B5DB6B /* Frameworks */ = {
			isa = PBXGroup;
			children = (
			);
			name = Frameworks;
			sourceTree = "<group>";
		};
		65C3C5F52E3FB084001EECF1 /* App */ = {
			isa = PBXGroup;
			children = (
				65C3C6032E3FB523001EECF1 /* Info.plist */,
				656BC98B2E3FA9F500943FE1 /* FurnitureApp.swift */,
			);
			path = App;
			sourceTree = "<group>";
		};
		65C3C5F62E3FB207001EECF1 /* Scenes */ = {
			isa = PBXGroup;
			children = (
				65C3C6062E3FBA35001EECF1 /* SplashScreen */,
			);
			path = Scenes;
			sourceTree = "<group>";
		};
		65C3C5F72E3FB22E001EECF1 /* Resources */ = {
			isa = PBXGroup;
			children = (
				65B5C4442E42B1CF00684A8F /* Localizable.strings */,
				65C3C6022E3FB4C4001EECF1 /* Fonts */,
				656BC98F2E3FA9F700943FE1 /* Assets.xcassets */,
				656BC9912E3FA9F700943FE1 /* Preview Content */,
			);
			path = Resources;
			sourceTree = "<group>";
		};
		65C3C6022E3FB4C4001EECF1 /* Fonts */ = {
			isa = PBXGroup;
			children = (
				65C3C5FC2E3FB49B001EECF1 /* Inter_28pt-Bold.ttf */,
				65C3C5FB2E3FB49B001EECF1 /* Inter_28pt-Italic.ttf */,
				65C3C5FA2E3FB49B001EECF1 /* Inter_28pt-Medium.ttf */,
				65C3C5F82E3FB49A001EECF1 /* Inter_28pt-Regular.ttf */,
				65C3C5F92E3FB49B001EECF1 /* Inter_28pt-SemiBold.ttf */,
			);
			path = Fonts;
			sourceTree = "<group>";
		};
		65C3C6062E3FBA35001EECF1 /* SplashScreen */ = {
			isa = PBXGroup;
			children = (
				65C3C6042E3FB7D5001EECF1 /* SplashView.swift */,
			);
			path = SplashScreen;
			sourceTree = "<group>";
		};
/* End PBXGroup section */

/* Begin PBXNativeTarget section */
		656BC9872E3FA9F500943FE1 /* FurnitureApp */ = {
			isa = PBXNativeTarget;
			buildConfigurationList = 656BC9AC2E3FA9F800943FE1 /* Build configuration list for PBXNativeTarget "FurnitureApp" */;
			buildPhases = (
				656BC9842E3FA9F500943FE1 /* Sources */,
				656BC9852E3FA9F500943FE1 /* Frameworks */,
				656BC9862E3FA9F500943FE1 /* Resources */,
			);
			buildRules = (
			);
			dependencies = (
			);
			name = FurnitureApp;
			packageProductDependencies = (
				652515592E43C32400A23897 /* FirebaseAnalytics */,
				6525155B2E43C32400A23897 /* FirebaseAnalyticsOnDeviceConversion */,
				6525155D2E43C32400A23897 /* FirebaseAnalyticsSwift */,
				6525155F2E43C32400A23897 /* FirebaseAnalyticsWithoutAdIdSupport */,
				652515612E43C32400A23897 /* FirebaseAppCheck */,
				652515632E43C32400A23897 /* FirebaseAppDistribution-Beta */,
				652515652E43C32400A23897 /* FirebaseAuth */,
				652515672E43C32400A23897 /* FirebaseAuthCombine-Community */,
				652515692E43C32400A23897 /* FirebaseCrashlytics */,
				6525156B2E43C32400A23897 /* FirebaseDatabase */,
				6525156D2E43C32400A23897 /* FirebaseDatabaseSwift */,
				6525156F2E43C32400A23897 /* FirebaseDynamicLinks */,
				652515712E43C32400A23897 /* FirebaseFirestore */,
				652515732E43C32400A23897 /* FirebaseFirestoreCombine-Community */,
				652515752E43C32400A23897 /* FirebaseFirestoreSwift */,
				652515772E43C32400A23897 /* FirebaseFunctions */,
				652515792E43C32400A23897 /* FirebaseFunctionsCombine-Community */,
				6525157B2E43C32400A23897 /* FirebaseInAppMessaging-Beta */,
				6525157D2E43C32400A23897 /* FirebaseInAppMessagingSwift-Beta */,
				6525157F2E43C32400A23897 /* FirebaseInstallations */,
				652515812E43C32400A23897 /* FirebaseMLModelDownloader */,
				652515832E43C32400A23897 /* FirebaseMessaging */,
				652515852E43C32400A23897 /* FirebasePerformance */,
				652515872E43C32400A23897 /* FirebaseRemoteConfig */,
				652515892E43C32400A23897 /* FirebaseRemoteConfigSwift */,
				6525158B2E43C32400A23897 /* FirebaseStorage */,
				6525158D2E43C32400A23897 /* FirebaseStorageCombine-Community */,
				6525158F2E43C32400A23897 /* FirebaseVertexAI-Preview */,
			);
			productName = FurnitureApp;
			productReference = 656BC9882E3FA9F500943FE1 /* FurnitureApp.app */;
			productType = "com.apple.product-type.application";
		};
		656BC9972E3FA9F800943FE1 /* FurnitureAppTests */ = {
			isa = PBXNativeTarget;
			buildConfigurationList = 656BC9AF2E3FA9F800943FE1 /* Build configuration list for PBXNativeTarget "FurnitureAppTests" */;
			buildPhases = (
				656BC9942E3FA9F800943FE1 /* Sources */,
				656BC9952E3FA9F800943FE1 /* Frameworks */,
				656BC9962E3FA9F800943FE1 /* Resources */,
			);
			buildRules = (
			);
			dependencies = (
				656BC99A2E3FA9F800943FE1 /* PBXTargetDependency */,
			);
			name = FurnitureAppTests;
			productName = FurnitureAppTests;
			productReference = 656BC9982E3FA9F800943FE1 /* FurnitureAppTests.xctest */;
			productType = "com.apple.product-type.bundle.unit-test";
		};
		656BC9A12E3FA9F800943FE1 /* FurnitureAppUITests */ = {
			isa = PBXNativeTarget;
			buildConfigurationList = 656BC9B22E3FA9F800943FE1 /* Build configuration list for PBXNativeTarget "FurnitureAppUITests" */;
			buildPhases = (
				656BC99E2E3FA9F800943FE1 /* Sources */,
				656BC99F2E3FA9F800943FE1 /* Frameworks */,
				656BC9A02E3FA9F800943FE1 /* Resources */,
			);
			buildRules = (
			);
			dependencies = (
				656BC9A42E3FA9F800943FE1 /* PBXTargetDependency */,
			);
			name = FurnitureAppUITests;
			productName = FurnitureAppUITests;
			productReference = 656BC9A22E3FA9F800943FE1 /* FurnitureAppUITests.xctest */;
			productType = "com.apple.product-type.bundle.ui-testing";
		};
/* End PBXNativeTarget section */

/* Begin PBXProject section */
		656BC9802E3FA9F500943FE1 /* Project object */ = {
			isa = PBXProject;
			attributes = {
				BuildIndependentTargetsInParallel = 1;
				LastSwiftUpdateCheck = 1430;
				LastUpgradeCheck = 1430;
				TargetAttributes = {
					656BC9872E3FA9F500943FE1 = {
						CreatedOnToolsVersion = 14.3;
					};
					656BC9972E3FA9F800943FE1 = {
						CreatedOnToolsVersion = 14.3;
						TestTargetID = 656BC9872E3FA9F500943FE1;
					};
					656BC9A12E3FA9F800943FE1 = {
						CreatedOnToolsVersion = 14.3;
						TestTargetID = 656BC9872E3FA9F500943FE1;
					};
				};
			};
			buildConfigurationList = 656BC9832E3FA9F500943FE1 /* Build configuration list for PBXProject "FurnitureApp" */;
			compatibilityVersion = "Xcode 14.0";
			developmentRegion = en;
			hasScannedForEncodings = 0;
			knownRegions = (
				en,
				Base,
				ar,
			);
			mainGroup = 656BC97F2E3FA9F500943FE1;
			packageReferences = (
				652515582E43C32400A23897 /* XCRemoteSwiftPackageReference "firebase-ios-sdk" */,
			);
			productRefGroup = 656BC9892E3FA9F500943FE1 /* Products */;
			projectDirPath = "";
			projectRoot = "";
			targets = (
				656BC9872E3FA9F500943FE1 /* FurnitureApp */,
				656BC9972E3FA9F800943FE1 /* FurnitureAppTests */,
				656BC9A12E3FA9F800943FE1 /* FurnitureAppUITests */,
			);
		};
/* End PBXProject section */

/* Begin PBXResourcesBuildPhase section */
		656BC9862E3FA9F500943FE1 /* Resources */ = {
			isa = PBXResourcesBuildPhase;
			buildActionMask = 2147483647;
			files = (
				656BC9932E3FA9F700943FE1 /* Preview Assets.xcassets in Resources */,
				65C3C5FF2E3FB49C001EECF1 /* Inter_28pt-Medium.ttf in Resources */,
				65C3C5FD2E3FB49C001EECF1 /* Inter_28pt-Regular.ttf in Resources */,
				65C3C6012E3FB49C001EECF1 /* Inter_28pt-Bold.ttf in Resources */,
				65C3C6002E3FB49C001EECF1 /* Inter_28pt-Italic.ttf in Resources */,
				65B5C4422E42B1CF00684A8F /* Localizable.strings in Resources */,
				65C3C5FE2E3FB49C001EECF1 /* Inter_28pt-SemiBold.ttf in Resources */,
				656BC9902E3FA9F700943FE1 /* Assets.xcassets in Resources */,
			);
			runOnlyForDeploymentPostprocessing = 0;
		};
		656BC9962E3FA9F800943FE1 /* Resources */ = {
			isa = PBXResourcesBuildPhase;
			buildActionMask = 2147483647;
			files = (
			);
			runOnlyForDeploymentPostprocessing = 0;
		};
		656BC9A02E3FA9F800943FE1 /* Resources */ = {
			isa = PBXResourcesBuildPhase;
			buildActionMask = 2147483647;
			files = (
			);
			runOnlyForDeploymentPostprocessing = 0;
		};
/* End PBXResourcesBuildPhase section */

/* Begin PBXSourcesBuildPhase section */
		656BC9842E3FA9F500943FE1 /* Sources */ = {
			isa = PBXSourcesBuildPhase;
			buildActionMask = 2147483647;
			files = (
				65B5C43E2E4283D500684A8F /* LanguageManager.swift in Sources */,
				656BC98C2E3FA9F500943FE1 /* FurnitureApp.swift in Sources */,
				65C3C6052E3FB7D5001EECF1 /* SplashView.swift in Sources */,
			);
			runOnlyForDeploymentPostprocessing = 0;
		};
		656BC9942E3FA9F800943FE1 /* Sources */ = {
			isa = PBXSourcesBuildPhase;
			buildActionMask = 2147483647;
			files = (
				656BC99D2E3FA9F800943FE1 /* FurnitureAppTests.swift in Sources */,
			);
			runOnlyForDeploymentPostprocessing = 0;
		};
		656BC99E2E3FA9F800943FE1 /* Sources */ = {
			isa = PBXSourcesBuildPhase;
			buildActionMask = 2147483647;
			files = (
				656BC9A72E3FA9F800943FE1 /* FurnitureAppUITests.swift in Sources */,
				656BC9A92E3FA9F800943FE1 /* FurnitureAppUITestsLaunchTests.swift in Sources */,
			);
			runOnlyForDeploymentPostprocessing = 0;
		};
/* End PBXSourcesBuildPhase section */

/* Begin PBXTargetDependency section */
		656BC99A2E3FA9F800943FE1 /* PBXTargetDependency */ = {
			isa = PBXTargetDependency;
			target = 656BC9872E3FA9F500943FE1 /* FurnitureApp */;
			targetProxy = 656BC9992E3FA9F800943FE1 /* PBXContainerItemProxy */;
		};
		656BC9A42E3FA9F800943FE1 /* PBXTargetDependency */ = {
			isa = PBXTargetDependency;
			target = 656BC9872E3FA9F500943FE1 /* FurnitureApp */;
			targetProxy = 656BC9A32E3FA9F800943FE1 /* PBXContainerItemProxy */;
		};
/* End PBXTargetDependency section */

/* Begin PBXVariantGroup section */
		65B5C4442E42B1CF00684A8F /* Localizable.strings */ = {
			isa = PBXVariantGroup;
			children = (
				65B5C4432E42B1CF00684A8F /* en */,
				65B5C4452E42B1D500684A8F /* ar */,
			);
			name = Localizable.strings;
			sourceTree = "<group>";
		};
/* End PBXVariantGroup section */

/* Begin XCBuildConfiguration section */
		656BC9AA2E3FA9F800943FE1 /* Debug */ = {
			isa = XCBuildConfiguration;
			buildSettings = {
				ALWAYS_SEARCH_USER_PATHS = NO;
				CLANG_ANALYZER_NONNULL = YES;
				CLANG_ANALYZER_NUMBER_OBJECT_CONVERSION = YES_AGGRESSIVE;
				CLANG_CXX_LANGUAGE_STANDARD = "gnu++20";
				CLANG_ENABLE_MODULES = YES;
				CLANG_ENABLE_OBJC_ARC = YES;
				CLANG_ENABLE_OBJC_WEAK = YES;
				CLANG_WARN_BLOCK_CAPTURE_AUTORELEASING = YES;
				CLANG_WARN_BOOL_CONVERSION = YES;
				CLANG_WARN_COMMA = YES;
				CLANG_WARN_CONSTANT_CONVERSION = YES;
				CLANG_WARN_DEPRECATED_OBJC_IMPLEMENTATIONS = YES;
				CLANG_WARN_DIRECT_OBJC_ISA_USAGE = YES_ERROR;
				CLANG_WARN_DOCUMENTATION_COMMENTS = YES;
				CLANG_WARN_EMPTY_BODY = YES;
				CLANG_WARN_ENUM_CONVERSION = YES;
				CLANG_WARN_INFINITE_RECURSION = YES;
				CLANG_WARN_INT_CONVERSION = YES;
				CLANG_WARN_NON_LITERAL_NULL_CONVERSION = YES;
				CLANG_WARN_OBJC_IMPLICIT_RETAIN_SELF = YES;
				CLANG_WARN_OBJC_LITERAL_CONVERSION = YES;
				CLANG_WARN_OBJC_ROOT_CLASS = YES_ERROR;
				CLANG_WARN_QUOTED_INCLUDE_IN_FRAMEWORK_HEADER = YES;
				CLANG_WARN_RANGE_LOOP_ANALYSIS = YES;
				CLANG_WARN_STRICT_PROTOTYPES = YES;
				CLANG_WARN_SUSPICIOUS_MOVE = YES;
				CLANG_WARN_UNGUARDED_AVAILABILITY = YES_AGGRESSIVE;
				CLANG_WARN_UNREACHABLE_CODE = YES;
				CLANG_WARN__DUPLICATE_METHOD_MATCH = YES;
				COPY_PHASE_STRIP = NO;
				DEBUG_INFORMATION_FORMAT = dwarf;
				ENABLE_STRICT_OBJC_MSGSEND = YES;
				ENABLE_TESTABILITY = YES;
				GCC_C_LANGUAGE_STANDARD = gnu11;
				GCC_DYNAMIC_NO_PIC = NO;
				GCC_NO_COMMON_BLOCKS = YES;
				GCC_OPTIMIZATION_LEVEL = 0;
				GCC_PREPROCESSOR_DEFINITIONS = (
					"DEBUG=1",
					"$(inherited)",
				);
				GCC_WARN_64_TO_32_BIT_CONVERSION = YES;
				GCC_WARN_ABOUT_RETURN_TYPE = YES_ERROR;
				GCC_WARN_UNDECLARED_SELECTOR = YES;
				GCC_WARN_UNINITIALIZED_AUTOS = YES_AGGRESSIVE;
				GCC_WARN_UNUSED_FUNCTION = YES;
				GCC_WARN_UNUSED_VARIABLE = YES;
				IPHONEOS_DEPLOYMENT_TARGET = 16.4;
				MTL_ENABLE_DEBUG_INFO = INCLUDE_SOURCE;
				MTL_FAST_MATH = YES;
				ONLY_ACTIVE_ARCH = YES;
				SDKROOT = iphoneos;
				SWIFT_ACTIVE_COMPILATION_CONDITIONS = DEBUG;
				SWIFT_OPTIMIZATION_LEVEL = "-Onone";
			};
			name = Debug;
		};
		656BC9AB2E3FA9F800943FE1 /* Release */ = {
			isa = XCBuildConfiguration;
			buildSettings = {
				ALWAYS_SEARCH_USER_PATHS = NO;
				CLANG_ANALYZER_NONNULL = YES;
				CLANG_ANALYZER_NUMBER_OBJECT_CONVERSION = YES_AGGRESSIVE;
				CLANG_CXX_LANGUAGE_STANDARD = "gnu++20";
				CLANG_ENABLE_MODULES = YES;
				CLANG_ENABLE_OBJC_ARC = YES;
				CLANG_ENABLE_OBJC_WEAK = YES;
				CLANG_WARN_BLOCK_CAPTURE_AUTORELEASING = YES;
				CLANG_WARN_BOOL_CONVERSION = YES;
				CLANG_WARN_COMMA = YES;
				CLANG_WARN_CONSTANT_CONVERSION = YES;
				CLANG_WARN_DEPRECATED_OBJC_IMPLEMENTATIONS = YES;
				CLANG_WARN_DIRECT_OBJC_ISA_USAGE = YES_ERROR;
				CLANG_WARN_DOCUMENTATION_COMMENTS = YES;
				CLANG_WARN_EMPTY_BODY = YES;
				CLANG_WARN_ENUM_CONVERSION = YES;
				CLANG_WARN_INFINITE_RECURSION = YES;
				CLANG_WARN_INT_CONVERSION = YES;
				CLANG_WARN_NON_LITERAL_NULL_CONVERSION = YES;
				CLANG_WARN_OBJC_IMPLICIT_RETAIN_SELF = YES;
				CLANG_WARN_OBJC_LITERAL_CONVERSION = YES;
				CLANG_WARN_OBJC_ROOT_CLASS = YES_ERROR;
				CLANG_WARN_QUOTED_INCLUDE_IN_FRAMEWORK_HEADER = YES;
				CLANG_WARN_RANGE_LOOP_ANALYSIS = YES;
				CLANG_WARN_STRICT_PROTOTYPES = YES;
				CLANG_WARN_SUSPICIOUS_MOVE = YES;
				CLANG_WARN_UNGUARDED_AVAILABILITY = YES_AGGRESSIVE;
				CLANG_WARN_UNREACHABLE_CODE = YES;
				CLANG_WARN__DUPLICATE_METHOD_MATCH = YES;
				COPY_PHASE_STRIP = NO;
				DEBUG_INFORMATION_FORMAT = "dwarf-with-dsym";
				ENABLE_NS_ASSERTIONS = NO;
				ENABLE_STRICT_OBJC_MSGSEND = YES;
				GCC_C_LANGUAGE_STANDARD = gnu11;
				GCC_NO_COMMON_BLOCKS = YES;
				GCC_WARN_64_TO_32_BIT_CONVERSION = YES;
				GCC_WARN_ABOUT_RETURN_TYPE = YES_ERROR;
				GCC_WARN_UNDECLARED_SELECTOR = YES;
				GCC_WARN_UNINITIALIZED_AUTOS = YES_AGGRESSIVE;
				GCC_WARN_UNUSED_FUNCTION = YES;
				GCC_WARN_UNUSED_VARIABLE = YES;
				IPHONEOS_DEPLOYMENT_TARGET = 16.4;
				MTL_ENABLE_DEBUG_INFO = NO;
				MTL_FAST_MATH = YES;
				SDKROOT = iphoneos;
				SWIFT_COMPILATION_MODE = wholemodule;
				SWIFT_OPTIMIZATION_LEVEL = "-O";
				VALIDATE_PRODUCT = YES;
			};
			name = Release;
		};
		656BC9AD2E3FA9F800943FE1 /* Debug */ = {
			isa = XCBuildConfiguration;
			buildSettings = {
				ASSETCATALOG_COMPILER_APPICON_NAME = AppIcon;
				ASSETCATALOG_COMPILER_GLOBAL_ACCENT_COLOR_NAME = AccentColor;
				CODE_SIGN_STYLE = Automatic;
				CURRENT_PROJECT_VERSION = 1;
				DEVELOPMENT_ASSET_PATHS = "\"FurnitureApp/Resources/Preview Content\"";
				DEVELOPMENT_TEAM = 9SY6UXVRUN;
				ENABLE_PREVIEWS = YES;
				GENERATE_INFOPLIST_FILE = YES;
				INFOPLIST_FILE = FurnitureApp/App/Info.plist;
				INFOPLIST_KEY_UIApplicationSceneManifest_Generation = YES;
				INFOPLIST_KEY_UIApplicationSupportsIndirectInputEvents = YES;
				INFOPLIST_KEY_UILaunchScreen_Generation = YES;
				INFOPLIST_KEY_UISupportedInterfaceOrientations_iPad = "UIInterfaceOrientationPortrait UIInterfaceOrientationPortraitUpsideDown UIInterfaceOrientationLandscapeLeft UIInterfaceOrientationLandscapeRight";
				INFOPLIST_KEY_UISupportedInterfaceOrientations_iPhone = "UIInterfaceOrientationPortrait UIInterfaceOrientationLandscapeLeft UIInterfaceOrientationLandscapeRight";
				LD_RUNPATH_SEARCH_PATHS = (
					"$(inherited)",
					"@executable_path/Frameworks",
				);
				MARKETING_VERSION = 1.0;
				PRODUCT_BUNDLE_IDENTIFIER = com.LinkDevelopment.FurnitureApp;
				PRODUCT_NAME = "$(TARGET_NAME)";
				SWIFT_EMIT_LOC_STRINGS = YES;
				SWIFT_VERSION = 5.0;
				TARGETED_DEVICE_FAMILY = "1,2";
			};
			name = Debug;
		};
		656BC9AE2E3FA9F800943FE1 /* Release */ = {
			isa = XCBuildConfiguration;
			buildSettings = {
				ASSETCATALOG_COMPILER_APPICON_NAME = AppIcon;
				ASSETCATALOG_COMPILER_GLOBAL_ACCENT_COLOR_NAME = AccentColor;
				CODE_SIGN_STYLE = Automatic;
				CURRENT_PROJECT_VERSION = 1;
				DEVELOPMENT_ASSET_PATHS = "\"FurnitureApp/Resources/Preview Content\"";
				DEVELOPMENT_TEAM = 9SY6UXVRUN;
				ENABLE_PREVIEWS = YES;
				GENERATE_INFOPLIST_FILE = YES;
				INFOPLIST_FILE = FurnitureApp/App/Info.plist;
				INFOPLIST_KEY_UIApplicationSceneManifest_Generation = YES;
				INFOPLIST_KEY_UIApplicationSupportsIndirectInputEvents = YES;
				INFOPLIST_KEY_UILaunchScreen_Generation = YES;
				INFOPLIST_KEY_UISupportedInterfaceOrientations_iPad = "UIInterfaceOrientationPortrait UIInterfaceOrientationPortraitUpsideDown UIInterfaceOrientationLandscapeLeft UIInterfaceOrientationLandscapeRight";
				INFOPLIST_KEY_UISupportedInterfaceOrientations_iPhone = "UIInterfaceOrientationPortrait UIInterfaceOrientationLandscapeLeft UIInterfaceOrientationLandscapeRight";
				LD_RUNPATH_SEARCH_PATHS = (
					"$(inherited)",
					"@executable_path/Frameworks",
				);
				MARKETING_VERSION = 1.0;
				PRODUCT_BUNDLE_IDENTIFIER = com.LinkDevelopment.FurnitureApp;
				PRODUCT_NAME = "$(TARGET_NAME)";
				SWIFT_EMIT_LOC_STRINGS = YES;
				SWIFT_VERSION = 5.0;
				TARGETED_DEVICE_FAMILY = "1,2";
			};
			name = Release;
		};
		656BC9B02E3FA9F800943FE1 /* Debug */ = {
			isa = XCBuildConfiguration;
			buildSettings = {
				ALWAYS_EMBED_SWIFT_STANDARD_LIBRARIES = YES;
				BUNDLE_LOADER = "$(TEST_HOST)";
				CODE_SIGN_STYLE = Automatic;
				CURRENT_PROJECT_VERSION = 1;
				DEVELOPMENT_TEAM = 9SY6UXVRUN;
				GENERATE_INFOPLIST_FILE = YES;
				IPHONEOS_DEPLOYMENT_TARGET = 16.4;
				MARKETING_VERSION = 1.0;
				PRODUCT_BUNDLE_IDENTIFIER = com.LinkDevelopment.FurnitureAppTests;
				PRODUCT_NAME = "$(TARGET_NAME)";
				SWIFT_EMIT_LOC_STRINGS = NO;
				SWIFT_VERSION = 5.0;
				TARGETED_DEVICE_FAMILY = "1,2";
				TEST_HOST = "$(BUILT_PRODUCTS_DIR)/FurnitureApp.app/$(BUNDLE_EXECUTABLE_FOLDER_PATH)/FurnitureApp";
			};
			name = Debug;
		};
		656BC9B12E3FA9F800943FE1 /* Release */ = {
			isa = XCBuildConfiguration;
			buildSettings = {
				ALWAYS_EMBED_SWIFT_STANDARD_LIBRARIES = YES;
				BUNDLE_LOADER = "$(TEST_HOST)";
				CODE_SIGN_STYLE = Automatic;
				CURRENT_PROJECT_VERSION = 1;
				DEVELOPMENT_TEAM = 9SY6UXVRUN;
				GENERATE_INFOPLIST_FILE = YES;
				IPHONEOS_DEPLOYMENT_TARGET = 16.4;
				MARKETING_VERSION = 1.0;
				PRODUCT_BUNDLE_IDENTIFIER = com.LinkDevelopment.FurnitureAppTests;
				PRODUCT_NAME = "$(TARGET_NAME)";
				SWIFT_EMIT_LOC_STRINGS = NO;
				SWIFT_VERSION = 5.0;
				TARGETED_DEVICE_FAMILY = "1,2";
				TEST_HOST = "$(BUILT_PRODUCTS_DIR)/FurnitureApp.app/$(BUNDLE_EXECUTABLE_FOLDER_PATH)/FurnitureApp";
			};
			name = Release;
		};
		656BC9B32E3FA9F800943FE1 /* Debug */ = {
			isa = XCBuildConfiguration;
			buildSettings = {
				ALWAYS_EMBED_SWIFT_STANDARD_LIBRARIES = YES;
				CODE_SIGN_STYLE = Automatic;
				CURRENT_PROJECT_VERSION = 1;
				DEVELOPMENT_TEAM = 9SY6UXVRUN;
				GENERATE_INFOPLIST_FILE = YES;
				MARKETING_VERSION = 1.0;
				PRODUCT_BUNDLE_IDENTIFIER = com.LinkDevelopment.FurnitureAppUITests;
				PRODUCT_NAME = "$(TARGET_NAME)";
				SWIFT_EMIT_LOC_STRINGS = NO;
				SWIFT_VERSION = 5.0;
				TARGETED_DEVICE_FAMILY = "1,2";
				TEST_TARGET_NAME = FurnitureApp;
			};
			name = Debug;
		};
		656BC9B42E3FA9F800943FE1 /* Release */ = {
			isa = XCBuildConfiguration;
			buildSettings = {
				ALWAYS_EMBED_SWIFT_STANDARD_LIBRARIES = YES;
				CODE_SIGN_STYLE = Automatic;
				CURRENT_PROJECT_VERSION = 1;
				DEVELOPMENT_TEAM = 9SY6UXVRUN;
				GENERATE_INFOPLIST_FILE = YES;
				MARKETING_VERSION = 1.0;
				PRODUCT_BUNDLE_IDENTIFIER = com.LinkDevelopment.FurnitureAppUITests;
				PRODUCT_NAME = "$(TARGET_NAME)";
				SWIFT_EMIT_LOC_STRINGS = NO;
				SWIFT_VERSION = 5.0;
				TARGETED_DEVICE_FAMILY = "1,2";
				TEST_TARGET_NAME = FurnitureApp;
			};
			name = Release;
		};
/* End XCBuildConfiguration section */

/* Begin XCConfigurationList section */
		656BC9832E3FA9F500943FE1 /* Build configuration list for PBXProject "FurnitureApp" */ = {
			isa = XCConfigurationList;
			buildConfigurations = (
				656BC9AA2E3FA9F800943FE1 /* Debug */,
				656BC9AB2E3FA9F800943FE1 /* Release */,
			);
			defaultConfigurationIsVisible = 0;
			defaultConfigurationName = Release;
		};
		656BC9AC2E3FA9F800943FE1 /* Build configuration list for PBXNativeTarget "FurnitureApp" */ = {
			isa = XCConfigurationList;
			buildConfigurations = (
				656BC9AD2E3FA9F800943FE1 /* Debug */,
				656BC9AE2E3FA9F800943FE1 /* Release */,
			);
			defaultConfigurationIsVisible = 0;
			defaultConfigurationName = Release;
		};
		656BC9AF2E3FA9F800943FE1 /* Build configuration list for PBXNativeTarget "FurnitureAppTests" */ = {
			isa = XCConfigurationList;
			buildConfigurations = (
				656BC9B02E3FA9F800943FE1 /* Debug */,
				656BC9B12E3FA9F800943FE1 /* Release */,
			);
			defaultConfigurationIsVisible = 0;
			defaultConfigurationName = Release;
		};
		656BC9B22E3FA9F800943FE1 /* Build configuration list for PBXNativeTarget "FurnitureAppUITests" */ = {
			isa = XCConfigurationList;
			buildConfigurations = (
				656BC9B32E3FA9F800943FE1 /* Debug */,
				656BC9B42E3FA9F800943FE1 /* Release */,
			);
			defaultConfigurationIsVisible = 0;
			defaultConfigurationName = Release;
		};
/* End XCConfigurationList section */

/* Begin XCRemoteSwiftPackageReference section */
		652515582E43C32400A23897 /* XCRemoteSwiftPackageReference "firebase-ios-sdk" */ = {
			isa = XCRemoteSwiftPackageReference;
			repositoryURL = "https://github.com/firebase/firebase-ios-sdk";
			requirement = {
				kind = upToNextMajorVersion;
				minimumVersion = 10.29.0;
			};
		};
/* End XCRemoteSwiftPackageReference section */

/* Begin XCSwiftPackageProductDependency section */
		652515592E43C32400A23897 /* FirebaseAnalytics */ = {
			isa = XCSwiftPackageProductDependency;
			package = 652515582E43C32400A23897 /* XCRemoteSwiftPackageReference "firebase-ios-sdk" */;
			productName = FirebaseAnalytics;
		};
		6525155B2E43C32400A23897 /* FirebaseAnalyticsOnDeviceConversion */ = {
			isa = XCSwiftPackageProductDependency;
			package = 652515582E43C32400A23897 /* XCRemoteSwiftPackageReference "firebase-ios-sdk" */;
			productName = FirebaseAnalyticsOnDeviceConversion;
		};
		6525155D2E43C32400A23897 /* FirebaseAnalyticsSwift */ = {
			isa = XCSwiftPackageProductDependency;
			package = 652515582E43C32400A23897 /* XCRemoteSwiftPackageReference "firebase-ios-sdk" */;
			productName = FirebaseAnalyticsSwift;
		};
		6525155F2E43C32400A23897 /* FirebaseAnalyticsWithoutAdIdSupport */ = {
			isa = XCSwiftPackageProductDependency;
			package = 652515582E43C32400A23897 /* XCRemoteSwiftPackageReference "firebase-ios-sdk" */;
			productName = FirebaseAnalyticsWithoutAdIdSupport;
		};
		652515612E43C32400A23897 /* FirebaseAppCheck */ = {
			isa = XCSwiftPackageProductDependency;
			package = 652515582E43C32400A23897 /* XCRemoteSwiftPackageReference "firebase-ios-sdk" */;
			productName = FirebaseAppCheck;
		};
		652515632E43C32400A23897 /* FirebaseAppDistribution-Beta */ = {
			isa = XCSwiftPackageProductDependency;
			package = 652515582E43C32400A23897 /* XCRemoteSwiftPackageReference "firebase-ios-sdk" */;
			productName = "FirebaseAppDistribution-Beta";
		};
		652515652E43C32400A23897 /* FirebaseAuth */ = {
			isa = XCSwiftPackageProductDependency;
			package = 652515582E43C32400A23897 /* XCRemoteSwiftPackageReference "firebase-ios-sdk" */;
			productName = FirebaseAuth;
		};
		652515672E43C32400A23897 /* FirebaseAuthCombine-Community */ = {
			isa = XCSwiftPackageProductDependency;
			package = 652515582E43C32400A23897 /* XCRemoteSwiftPackageReference "firebase-ios-sdk" */;
			productName = "FirebaseAuthCombine-Community";
		};
		652515692E43C32400A23897 /* FirebaseCrashlytics */ = {
			isa = XCSwiftPackageProductDependency;
			package = 652515582E43C32400A23897 /* XCRemoteSwiftPackageReference "firebase-ios-sdk" */;
			productName = FirebaseCrashlytics;
		};
		6525156B2E43C32400A23897 /* FirebaseDatabase */ = {
			isa = XCSwiftPackageProductDependency;
			package = 652515582E43C32400A23897 /* XCRemoteSwiftPackageReference "firebase-ios-sdk" */;
			productName = FirebaseDatabase;
		};
		6525156D2E43C32400A23897 /* FirebaseDatabaseSwift */ = {
			isa = XCSwiftPackageProductDependency;
			package = 652515582E43C32400A23897 /* XCRemoteSwiftPackageReference "firebase-ios-sdk" */;
			productName = FirebaseDatabaseSwift;
		};
		6525156F2E43C32400A23897 /* FirebaseDynamicLinks */ = {
			isa = XCSwiftPackageProductDependency;
			package = 652515582E43C32400A23897 /* XCRemoteSwiftPackageReference "firebase-ios-sdk" */;
			productName = FirebaseDynamicLinks;
		};
		652515712E43C32400A23897 /* FirebaseFirestore */ = {
			isa = XCSwiftPackageProductDependency;
			package = 652515582E43C32400A23897 /* XCRemoteSwiftPackageReference "firebase-ios-sdk" */;
			productName = FirebaseFirestore;
		};
		652515732E43C32400A23897 /* FirebaseFirestoreCombine-Community */ = {
			isa = XCSwiftPackageProductDependency;
			package = 652515582E43C32400A23897 /* XCRemoteSwiftPackageReference "firebase-ios-sdk" */;
			productName = "FirebaseFirestoreCombine-Community";
		};
		652515752E43C32400A23897 /* FirebaseFirestoreSwift */ = {
			isa = XCSwiftPackageProductDependency;
			package = 652515582E43C32400A23897 /* XCRemoteSwiftPackageReference "firebase-ios-sdk" */;
			productName = FirebaseFirestoreSwift;
		};
		652515772E43C32400A23897 /* FirebaseFunctions */ = {
			isa = XCSwiftPackageProductDependency;
			package = 652515582E43C32400A23897 /* XCRemoteSwiftPackageReference "firebase-ios-sdk" */;
			productName = FirebaseFunctions;
		};
		652515792E43C32400A23897 /* FirebaseFunctionsCombine-Community */ = {
			isa = XCSwiftPackageProductDependency;
			package = 652515582E43C32400A23897 /* XCRemoteSwiftPackageReference "firebase-ios-sdk" */;
			productName = "FirebaseFunctionsCombine-Community";
		};
		6525157B2E43C32400A23897 /* FirebaseInAppMessaging-Beta */ = {
			isa = XCSwiftPackageProductDependency;
			package = 652515582E43C32400A23897 /* XCRemoteSwiftPackageReference "firebase-ios-sdk" */;
			productName = "FirebaseInAppMessaging-Beta";
		};
		6525157D2E43C32400A23897 /* FirebaseInAppMessagingSwift-Beta */ = {
			isa = XCSwiftPackageProductDependency;
			package = 652515582E43C32400A23897 /* XCRemoteSwiftPackageReference "firebase-ios-sdk" */;
			productName = "FirebaseInAppMessagingSwift-Beta";
		};
		6525157F2E43C32400A23897 /* FirebaseInstallations */ = {
			isa = XCSwiftPackageProductDependency;
			package = 652515582E43C32400A23897 /* XCRemoteSwiftPackageReference "firebase-ios-sdk" */;
			productName = FirebaseInstallations;
		};
		652515812E43C32400A23897 /* FirebaseMLModelDownloader */ = {
			isa = XCSwiftPackageProductDependency;
			package = 652515582E43C32400A23897 /* XCRemoteSwiftPackageReference "firebase-ios-sdk" */;
			productName = FirebaseMLModelDownloader;
		};
		652515832E43C32400A23897 /* FirebaseMessaging */ = {
			isa = XCSwiftPackageProductDependency;
			package = 652515582E43C32400A23897 /* XCRemoteSwiftPackageReference "firebase-ios-sdk" */;
			productName = FirebaseMessaging;
		};
		652515852E43C32400A23897 /* FirebasePerformance */ = {
			isa = XCSwiftPackageProductDependency;
			package = 652515582E43C32400A23897 /* XCRemoteSwiftPackageReference "firebase-ios-sdk" */;
			productName = FirebasePerformance;
		};
		652515872E43C32400A23897 /* FirebaseRemoteConfig */ = {
			isa = XCSwiftPackageProductDependency;
			package = 652515582E43C32400A23897 /* XCRemoteSwiftPackageReference "firebase-ios-sdk" */;
			productName = FirebaseRemoteConfig;
		};
		652515892E43C32400A23897 /* FirebaseRemoteConfigSwift */ = {
			isa = XCSwiftPackageProductDependency;
			package = 652515582E43C32400A23897 /* XCRemoteSwiftPackageReference "firebase-ios-sdk" */;
			productName = FirebaseRemoteConfigSwift;
		};
		6525158B2E43C32400A23897 /* FirebaseStorage */ = {
			isa = XCSwiftPackageProductDependency;
			package = 652515582E43C32400A23897 /* XCRemoteSwiftPackageReference "firebase-ios-sdk" */;
			productName = FirebaseStorage;
		};
		6525158D2E43C32400A23897 /* FirebaseStorageCombine-Community */ = {
			isa = XCSwiftPackageProductDependency;
			package = 652515582E43C32400A23897 /* XCRemoteSwiftPackageReference "firebase-ios-sdk" */;
			productName = "FirebaseStorageCombine-Community";
		};
		6525158F2E43C32400A23897 /* FirebaseVertexAI-Preview */ = {
			isa = XCSwiftPackageProductDependency;
			package = 652515582E43C32400A23897 /* XCRemoteSwiftPackageReference "firebase-ios-sdk" */;
			productName = "FirebaseVertexAI-Preview";
		};
/* End XCSwiftPackageProductDependency section */
	};
	rootObject = 656BC9802E3FA9F500943FE1 /* Project object */;
}
