// !$*UTF8*$!
{
	archiveVersion = 1;
	classes = {
	};
	objectVersion = 56;
	objects = {

/* Begin PBXBuildFile section */
		653478522E47661700237E78 /* SignUpView.swift in Sources */ = {isa = PBXBuildFile; fileRef = 653478512E47661700237E78 /* SignUpView.swift */; };
		653EF9B62E4A0A6A000A3720 /* FirebaseFirestore in Frameworks */ = {isa = PBXBuildFile; productRef = 653EF9B52E4A0A6A000A3720 /* FirebaseFirestore */; };
		653EF9B82E4A0A89000A3720 /* FirebaseFirestoreCombine-Community in Frameworks */ = {isa = PBXBuildFile; productRef = 653EF9B72E4A0A89000A3720 /* FirebaseFirestoreCombine-Community */; };
		653EF9BA2E4A0A89000A3720 /* FirebaseFirestoreSwift in Frameworks */ = {isa = PBXBuildFile; productRef = 653EF9B92E4A0A89000A3720 /* FirebaseFirestoreSwift */; };
		654239732E50BFFD00237F10 /* ProductDetailView.swift in Sources */ = {isa = PBXBuildFile; fileRef = 654239722E50BFFD00237F10 /* ProductDetailView.swift */; };
		6546B0422E4B8176009EE60A /* GoogleSignIn in Frameworks */ = {isa = PBXBuildFile; productRef = 6546B0412E4B8176009EE60A /* GoogleSignIn */; };
		6546B0442E4B8176009EE60A /* GoogleSignInSwift in Frameworks */ = {isa = PBXBuildFile; productRef = 6546B0432E4B8176009EE60A /* GoogleSignInSwift */; };
		6561B8D82E4E49B600F12331 /* RecycleView.swift in Sources */ = {isa = PBXBuildFile; fileRef = 6561B8D72E4E49B600F12331 /* RecycleView.swift */; };
		656BC98C2E3FA9F500943FE1 /* FurnitureApp.swift in Sources */ = {isa = PBXBuildFile; fileRef = 656BC98B2E3FA9F500943FE1 /* FurnitureApp.swift */; };
		656BC9902E3FA9F700943FE1 /* Assets.xcassets in Resources */ = {isa = PBXBuildFile; fileRef = 656BC98F2E3FA9F700943FE1 /* Assets.xcassets */; };
		656BC9932E3FA9F700943FE1 /* Preview Assets.xcassets in Resources */ = {isa = PBXBuildFile; fileRef = 656BC9922E3FA9F700943FE1 /* Preview Assets.xcassets */; };
		656BC99D2E3FA9F800943FE1 /* FurnitureAppTests.swift in Sources */ = {isa = PBXBuildFile; fileRef = 656BC99C2E3FA9F800943FE1 /* FurnitureAppTests.swift */; };
		656BC9A72E3FA9F800943FE1 /* FurnitureAppUITests.swift in Sources */ = {isa = PBXBuildFile; fileRef = 656BC9A62E3FA9F800943FE1 /* FurnitureAppUITests.swift */; };
		656BC9A92E3FA9F800943FE1 /* FurnitureAppUITestsLaunchTests.swift in Sources */ = {isa = PBXBuildFile; fileRef = 656BC9A82E3FA9F800943FE1 /* FurnitureAppUITestsLaunchTests.swift */; };
		656F2F632E4E1D9800DD3C76 /* Launch Screen.storyboard in Resources */ = {isa = PBXBuildFile; fileRef = 656F2F622E4E1D9800DD3C76 /* Launch Screen.storyboard */; };
		656F2F652E4E237A00DD3C76 /* Settings.bundle in Resources */ = {isa = PBXBuildFile; fileRef = 656F2F642E4E237A00DD3C76 /* Settings.bundle */; };
		6571CAE82E4B465700430656 /* MainTabView.swift in Sources */ = {isa = PBXBuildFile; fileRef = 6571CAE72E4B465700430656 /* MainTabView.swift */; };
		6571CAEA2E4B466800430656 /* FavouriteView.swift in Sources */ = {isa = PBXBuildFile; fileRef = 6571CAE92E4B466800430656 /* FavouriteView.swift */; };
		6571CAEC2E4B467600430656 /* UploadItemView.swift in Sources */ = {isa = PBXBuildFile; fileRef = 6571CAEB2E4B467500430656 /* UploadItemView.swift */; };
		6571CAEE2E4B468800430656 /* CartView.swift in Sources */ = {isa = PBXBuildFile; fileRef = 6571CAED2E4B468800430656 /* CartView.swift */; };
		6571CAF02E4B46A300430656 /* ProfileView.swift in Sources */ = {isa = PBXBuildFile; fileRef = 6571CAEF2E4B46A300430656 /* ProfileView.swift */; };
		6593020E2E489F9B000ED8F1 /* HomeView.swift in Sources */ = {isa = PBXBuildFile; fileRef = 6593020D2E489F9B000ED8F1 /* HomeView.swift */; };
		659C61EA2E44FDC40099BEFC /* GoogleService-Info.plist in Resources */ = {isa = PBXBuildFile; fileRef = 659C61E92E44FDC30099BEFC /* GoogleService-Info.plist */; };
		659C61EB2E44FDC40099BEFC /* GoogleService-Info.plist in Resources */ = {isa = PBXBuildFile; fileRef = 659C61E92E44FDC30099BEFC /* GoogleService-Info.plist */; };
		659C61EC2E44FDC40099BEFC /* GoogleService-Info.plist in Resources */ = {isa = PBXBuildFile; fileRef = 659C61E92E44FDC30099BEFC /* GoogleService-Info.plist */; };
		659C61EE2E44FDF20099BEFC /* FirebaseAnalytics in Frameworks */ = {isa = PBXBuildFile; productRef = 659C61ED2E44FDF20099BEFC /* FirebaseAnalytics */; };
		659C61F02E44FDF20099BEFC /* FirebaseAnalyticsOnDeviceConversion in Frameworks */ = {isa = PBXBuildFile; productRef = 659C61EF2E44FDF20099BEFC /* FirebaseAnalyticsOnDeviceConversion */; };
		659C61F22E44FDF20099BEFC /* FirebaseAnalyticsSwift in Frameworks */ = {isa = PBXBuildFile; productRef = 659C61F12E44FDF20099BEFC /* FirebaseAnalyticsSwift */; };
		659C61F42E44FDF20099BEFC /* FirebaseAnalyticsWithoutAdIdSupport in Frameworks */ = {isa = PBXBuildFile; productRef = 659C61F32E44FDF20099BEFC /* FirebaseAnalyticsWithoutAdIdSupport */; };
		659C61F62E44FDF20099BEFC /* FirebaseAppCheck in Frameworks */ = {isa = PBXBuildFile; productRef = 659C61F52E44FDF20099BEFC /* FirebaseAppCheck */; };
		659C61F82E44FDF20099BEFC /* FirebaseAppDistribution-Beta in Frameworks */ = {isa = PBXBuildFile; productRef = 659C61F72E44FDF20099BEFC /* FirebaseAppDistribution-Beta */; };
		659C61FA2E44FDF20099BEFC /* FirebaseAuth in Frameworks */ = {isa = PBXBuildFile; productRef = 659C61F92E44FDF20099BEFC /* FirebaseAuth */; };
		659C61FC2E44FDF20099BEFC /* FirebaseAuthCombine-Community in Frameworks */ = {isa = PBXBuildFile; productRef = 659C61FB2E44FDF20099BEFC /* FirebaseAuthCombine-Community */; };
		659C61FE2E44FDF20099BEFC /* FirebaseCrashlytics in Frameworks */ = {isa = PBXBuildFile; productRef = 659C61FD2E44FDF20099BEFC /* FirebaseCrashlytics */; };
		659C62002E44FDF20099BEFC /* FirebaseDatabase in Frameworks */ = {isa = PBXBuildFile; productRef = 659C61FF2E44FDF20099BEFC /* FirebaseDatabase */; };
		659C62022E44FDF20099BEFC /* FirebaseDatabaseSwift in Frameworks */ = {isa = PBXBuildFile; productRef = 659C62012E44FDF20099BEFC /* FirebaseDatabaseSwift */; };
		659C62042E44FDF20099BEFC /* FirebaseDynamicLinks in Frameworks */ = {isa = PBXBuildFile; productRef = 659C62032E44FDF20099BEFC /* FirebaseDynamicLinks */; };
		659C62062E44FDF20099BEFC /* FirebaseInAppMessagingSwift-Beta in Frameworks */ = {isa = PBXBuildFile; productRef = 659C62052E44FDF20099BEFC /* FirebaseInAppMessagingSwift-Beta */; };
		659C62082E44FDF20099BEFC /* FirebaseInstallations in Frameworks */ = {isa = PBXBuildFile; productRef = 659C62072E44FDF20099BEFC /* FirebaseInstallations */; };
		659C620A2E44FDF20099BEFC /* FirebaseMessaging in Frameworks */ = {isa = PBXBuildFile; productRef = 659C62092E44FDF20099BEFC /* FirebaseMessaging */; };
		65B5C43E2E4283D500684A8F /* LanguageManager.swift in Sources */ = {isa = PBXBuildFile; fileRef = 65B5C43D2E4283D500684A8F /* LanguageManager.swift */; };
		65B5C4422E42B1CF00684A8F /* Localizable.strings in Resources */ = {isa = PBXBuildFile; fileRef = 65B5C4442E42B1CF00684A8F /* Localizable.strings */; };
		65C3C5FD2E3FB49C001EECF1 /* Inter_28pt-Regular.ttf in Resources */ = {isa = PBXBuildFile; fileRef = 65C3C5F82E3FB49A001EECF1 /* Inter_28pt-Regular.ttf */; };
		65C3C5FE2E3FB49C001EECF1 /* Inter_28pt-SemiBold.ttf in Resources */ = {isa = PBXBuildFile; fileRef = 65C3C5F92E3FB49B001EECF1 /* Inter_28pt-SemiBold.ttf */; };
		65C3C5FF2E3FB49C001EECF1 /* Inter_28pt-Medium.ttf in Resources */ = {isa = PBXBuildFile; fileRef = 65C3C5FA2E3FB49B001EECF1 /* Inter_28pt-Medium.ttf */; };
		65C3C6002E3FB49C001EECF1 /* Inter_28pt-Italic.ttf in Resources */ = {isa = PBXBuildFile; fileRef = 65C3C5FB2E3FB49B001EECF1 /* Inter_28pt-Italic.ttf */; };
		65C3C6012E3FB49C001EECF1 /* Inter_28pt-Bold.ttf in Resources */ = {isa = PBXBuildFile; fileRef = 65C3C5FC2E3FB49B001EECF1 /* Inter_28pt-Bold.ttf */; };
		65C3C6052E3FB7D5001EECF1 /* Onboardingview.swift in Sources */ = {isa = PBXBuildFile; fileRef = 65C3C6042E3FB7D5001EECF1 /* Onboardingview.swift */; };
		65D3C2CB2E4DEFCB005D4766 /* AppState.swift in Sources */ = {isa = PBXBuildFile; fileRef = 65D3C2CA2E4DEFCB005D4766 /* AppState.swift */; };
		65D3C2CD2E4DF17F005D4766 /* SplashView.swift in Sources */ = {isa = PBXBuildFile; fileRef = 65D3C2CC2E4DF17F005D4766 /* SplashView.swift */; };
		65D3C2CF2E4E0E14005D4766 /* Product.swift in Sources */ = {isa = PBXBuildFile; fileRef = 65D3C2CE2E4E0E14005D4766 /* Product.swift */; };
		65D3C2D12E4E0EF4005D4766 /* ProductViewModel.swift in Sources */ = {isa = PBXBuildFile; fileRef = 65D3C2D02E4E0EF4005D4766 /* ProductViewModel.swift */; };
		65DB87E02E44C3B3009A4021 /* LoginView.swift in Sources */ = {isa = PBXBuildFile; fileRef = 65DB87DF2E44C3B3009A4021 /* LoginView.swift */; };
/* End PBXBuildFile section */

/* Begin PBXContainerItemProxy section */
		656BC9992E3FA9F800943FE1 /* PBXContainerItemProxy */ = {
			isa = PBXContainerItemProxy;
			containerPortal = 656BC9802E3FA9F500943FE1 /* Project object */;
			proxyType = 1;
			remoteGlobalIDString = 656BC9872E3FA9F500943FE1;
			remoteInfo = FurnitureApp;
		};
		656BC9A32E3FA9F800943FE1 /* PBXContainerItemProxy */ = {
			isa = PBXContainerItemProxy;
			containerPortal = 656BC9802E3FA9F500943FE1 /* Project object */;
			proxyType = 1;
			remoteGlobalIDString = 656BC9872E3FA9F500943FE1;
			remoteInfo = FurnitureApp;
		};
/* End PBXContainerItemProxy section */

/* Begin PBXFileReference section */
		653478512E47661700237E78 /* SignUpView.swift */ = {isa = PBXFileReference; lastKnownFileType = sourcecode.swift; path = SignUpView.swift; sourceTree = "<group>"; };
		654239722E50BFFD00237F10 /* ProductDetailView.swift */ = {isa = PBXFileReference; lastKnownFileType = sourcecode.swift; path = ProductDetailView.swift; sourceTree = "<group>"; };
		6561B8D72E4E49B600F12331 /* RecycleView.swift */ = {isa = PBXFileReference; lastKnownFileType = sourcecode.swift; path = RecycleView.swift; sourceTree = "<group>"; };
		656BC9882E3FA9F500943FE1 /* FurnitureApp.app */ = {isa = PBXFileReference; explicitFileType = wrapper.application; includeInIndex = 0; path = FurnitureApp.app; sourceTree = BUILT_PRODUCTS_DIR; };
		656BC98B2E3FA9F500943FE1 /* FurnitureApp.swift */ = {isa = PBXFileReference; lastKnownFileType = sourcecode.swift; path = FurnitureApp.swift; sourceTree = "<group>"; };
		656BC98F2E3FA9F700943FE1 /* Assets.xcassets */ = {isa = PBXFileReference; lastKnownFileType = folder.assetcatalog; path = Assets.xcassets; sourceTree = "<group>"; };
		656BC9922E3FA9F700943FE1 /* Preview Assets.xcassets */ = {isa = PBXFileReference; lastKnownFileType = folder.assetcatalog; path = "Preview Assets.xcassets"; sourceTree = "<group>"; };
		656BC9982E3FA9F800943FE1 /* FurnitureAppTests.xctest */ = {isa = PBXFileReference; explicitFileType = wrapper.cfbundle; includeInIndex = 0; path = FurnitureAppTests.xctest; sourceTree = BUILT_PRODUCTS_DIR; };
		656BC99C2E3FA9F800943FE1 /* FurnitureAppTests.swift */ = {isa = PBXFileReference; lastKnownFileType = sourcecode.swift; path = FurnitureAppTests.swift; sourceTree = "<group>"; };
		656BC9A22E3FA9F800943FE1 /* FurnitureAppUITests.xctest */ = {isa = PBXFileReference; explicitFileType = wrapper.cfbundle; includeInIndex = 0; path = FurnitureAppUITests.xctest; sourceTree = BUILT_PRODUCTS_DIR; };
		656BC9A62E3FA9F800943FE1 /* FurnitureAppUITests.swift */ = {isa = PBXFileReference; lastKnownFileType = sourcecode.swift; path = FurnitureAppUITests.swift; sourceTree = "<group>"; };
		656BC9A82E3FA9F800943FE1 /* FurnitureAppUITestsLaunchTests.swift */ = {isa = PBXFileReference; lastKnownFileType = sourcecode.swift; path = FurnitureAppUITestsLaunchTests.swift; sourceTree = "<group>"; };
		656F2F622E4E1D9800DD3C76 /* Launch Screen.storyboard */ = {isa = PBXFileReference; lastKnownFileType = file.storyboard; path = "Launch Screen.storyboard"; sourceTree = "<group>"; };
		656F2F642E4E237A00DD3C76 /* Settings.bundle */ = {isa = PBXFileReference; lastKnownFileType = "wrapper.plug-in"; path = Settings.bundle; sourceTree = "<group>"; };
		6571CAE72E4B465700430656 /* MainTabView.swift */ = {isa = PBXFileReference; lastKnownFileType = sourcecode.swift; path = MainTabView.swift; sourceTree = "<group>"; };
		6571CAE92E4B466800430656 /* FavouriteView.swift */ = {isa = PBXFileReference; lastKnownFileType = sourcecode.swift; path = FavouriteView.swift; sourceTree = "<group>"; };
		6571CAEB2E4B467500430656 /* UploadItemView.swift */ = {isa = PBXFileReference; lastKnownFileType = sourcecode.swift; path = UploadItemView.swift; sourceTree = "<group>"; };
		6571CAED2E4B468800430656 /* CartView.swift */ = {isa = PBXFileReference; lastKnownFileType = sourcecode.swift; path = CartView.swift; sourceTree = "<group>"; };
		6571CAEF2E4B46A300430656 /* ProfileView.swift */ = {isa = PBXFileReference; lastKnownFileType = sourcecode.swift; path = ProfileView.swift; sourceTree = "<group>"; };
		6593020D2E489F9B000ED8F1 /* HomeView.swift */ = {isa = PBXFileReference; lastKnownFileType = sourcecode.swift; path = HomeView.swift; sourceTree = "<group>"; };
		659C61E92E44FDC30099BEFC /* GoogleService-Info.plist */ = {isa = PBXFileReference; fileEncoding = 4; lastKnownFileType = text.plist.xml; path = "GoogleService-Info.plist"; sourceTree = "<group>"; };
		65B5C43D2E4283D500684A8F /* LanguageManager.swift */ = {isa = PBXFileReference; lastKnownFileType = sourcecode.swift; path = LanguageManager.swift; sourceTree = "<group>"; };
		65B5C4432E42B1CF00684A8F /* en */ = {isa = PBXFileReference; lastKnownFileType = text.plist.strings; name = en; path = en.lproj/Localizable.strings; sourceTree = "<group>"; };
		65B5C4452E42B1D500684A8F /* ar */ = {isa = PBXFileReference; lastKnownFileType = text.plist.strings; name = ar; path = ar.lproj/Localizable.strings; sourceTree = "<group>"; };
		65C3C5F82E3FB49A001EECF1 /* Inter_28pt-Regular.ttf */ = {isa = PBXFileReference; lastKnownFileType = file; path = "Inter_28pt-Regular.ttf"; sourceTree = "<group>"; };
		65C3C5F92E3FB49B001EECF1 /* Inter_28pt-SemiBold.ttf */ = {isa = PBXFileReference; lastKnownFileType = file; path = "Inter_28pt-SemiBold.ttf"; sourceTree = "<group>"; };
		65C3C5FA2E3FB49B001EECF1 /* Inter_28pt-Medium.ttf */ = {isa = PBXFileReference; lastKnownFileType = file; path = "Inter_28pt-Medium.ttf"; sourceTree = "<group>"; };
		65C3C5FB2E3FB49B001EECF1 /* Inter_28pt-Italic.ttf */ = {isa = PBXFileReference; lastKnownFileType = file; path = "Inter_28pt-Italic.ttf"; sourceTree = "<group>"; };
		65C3C5FC2E3FB49B001EECF1 /* Inter_28pt-Bold.ttf */ = {isa = PBXFileReference; lastKnownFileType = file; path = "Inter_28pt-Bold.ttf"; sourceTree = "<group>"; };
		65C3C6032E3FB523001EECF1 /* Info.plist */ = {isa = PBXFileReference; lastKnownFileType = text.plist.xml; path = Info.plist; sourceTree = "<group>"; };
		65C3C6042E3FB7D5001EECF1 /* Onboardingview.swift */ = {isa = PBXFileReference; lastKnownFileType = sourcecode.swift; path = Onboardingview.swift; sourceTree = "<group>"; };
		65D3C2CA2E4DEFCB005D4766 /* AppState.swift */ = {isa = PBXFileReference; lastKnownFileType = sourcecode.swift; path = AppState.swift; sourceTree = "<group>"; };
		65D3C2CC2E4DF17F005D4766 /* SplashView.swift */ = {isa = PBXFileReference; lastKnownFileType = sourcecode.swift; path = SplashView.swift; sourceTree = "<group>"; };
		65D3C2CE2E4E0E14005D4766 /* Product.swift */ = {isa = PBXFileReference; lastKnownFileType = sourcecode.swift; path = Product.swift; sourceTree = "<group>"; };
		65D3C2D02E4E0EF4005D4766 /* ProductViewModel.swift */ = {isa = PBXFileReference; lastKnownFileType = sourcecode.swift; path = ProductViewModel.swift; sourceTree = "<group>"; };
		65DB87DF2E44C3B3009A4021 /* LoginView.swift */ = {isa = PBXFileReference; lastKnownFileType = sourcecode.swift; path = LoginView.swift; sourceTree = "<group>"; };
/* End PBXFileReference section */

/* Begin PBXFrameworksBuildPhase section */
		656BC9852E3FA9F500943FE1 /* Frameworks */ = {
			isa = PBXFrameworksBuildPhase;
			buildActionMask = 2147483647;
			files = (
				659C62002E44FDF20099BEFC /* FirebaseDatabase in Frameworks */,
				659C62082E44FDF20099BEFC /* FirebaseInstallations in Frameworks */,
				659C61F22E44FDF20099BEFC /* FirebaseAnalyticsSwift in Frameworks */,
				6546B0422E4B8176009EE60A /* GoogleSignIn in Frameworks */,
				659C61EE2E44FDF20099BEFC /* FirebaseAnalytics in Frameworks */,
				659C61F02E44FDF20099BEFC /* FirebaseAnalyticsOnDeviceConversion in Frameworks */,
				653EF9B62E4A0A6A000A3720 /* FirebaseFirestore in Frameworks */,
				659C61F62E44FDF20099BEFC /* FirebaseAppCheck in Frameworks */,
				659C61F42E44FDF20099BEFC /* FirebaseAnalyticsWithoutAdIdSupport in Frameworks */,
				659C61FA2E44FDF20099BEFC /* FirebaseAuth in Frameworks */,
				659C61FE2E44FDF20099BEFC /* FirebaseCrashlytics in Frameworks */,
				659C62062E44FDF20099BEFC /* FirebaseInAppMessagingSwift-Beta in Frameworks */,
				653EF9B82E4A0A89000A3720 /* FirebaseFirestoreCombine-Community in Frameworks */,
				659C62022E44FDF20099BEFC /* FirebaseDatabaseSwift in Frameworks */,
				659C61F82E44FDF20099BEFC /* FirebaseAppDistribution-Beta in Frameworks */,
				6546B0442E4B8176009EE60A /* GoogleSignInSwift in Frameworks */,
				659C620A2E44FDF20099BEFC /* FirebaseMessaging in Frameworks */,
				659C61FC2E44FDF20099BEFC /* FirebaseAuthCombine-Community in Frameworks */,
				659C62042E44FDF20099BEFC /* FirebaseDynamicLinks in Frameworks */,
				653EF9BA2E4A0A89000A3720 /* FirebaseFirestoreSwift in Frameworks */,
			);
			runOnlyForDeploymentPostprocessing = 0;
		};
		656BC9952E3FA9F800943FE1 /* Frameworks */ = {
			isa = PBXFrameworksBuildPhase;
			buildActionMask = 2147483647;
			files = (
			);
			runOnlyForDeploymentPostprocessing = 0;
		};
		656BC99F2E3FA9F800943FE1 /* Frameworks */ = {
			isa = PBXFrameworksBuildPhase;
			buildActionMask = 2147483647;
			files = (
			);
			runOnlyForDeploymentPostprocessing = 0;
		};
/* End PBXFrameworksBuildPhase section */

/* Begin PBXGroup section */
		653478502E4765E400237E78 /* SignUpScreen */ = {
			isa = PBXGroup;
			children = (
				653478512E47661700237E78 /* SignUpView.swift */,
			);
			path = SignUpScreen;
			sourceTree = "<group>";
		};
		656BC97F2E3FA9F500943FE1 = {
			isa = PBXGroup;
			children = (
				656BC98A2E3FA9F500943FE1 /* FurnitureApp */,
				656BC99B2E3FA9F800943FE1 /* FurnitureAppTests */,
				656BC9A52E3FA9F800943FE1 /* FurnitureAppUITests */,
				656BC9892E3FA9F500943FE1 /* Products */,
				6592CE022E40EB4E00B5DB6B /* Frameworks */,
			);
			sourceTree = "<group>";
		};
		656BC9892E3FA9F500943FE1 /* Products */ = {
			isa = PBXGroup;
			children = (
				656BC9882E3FA9F500943FE1 /* FurnitureApp.app */,
				656BC9982E3FA9F800943FE1 /* FurnitureAppTests.xctest */,
				656BC9A22E3FA9F800943FE1 /* FurnitureAppUITests.xctest */,
			);
			name = Products;
			sourceTree = "<group>";
		};
		656BC98A2E3FA9F500943FE1 /* FurnitureApp */ = {
			isa = PBXGroup;
			children = (
				65C3C5F62E3FB207001EECF1 /* Scenes */,
				65C3C5F52E3FB084001EECF1 /* App */,
				65C3C5F72E3FB22E001EECF1 /* Resources */,
				6587FF462E434818008866EB /* Utitlites */,
				656F2F642E4E237A00DD3C76 /* Settings.bundle */,
			);
			path = FurnitureApp;
			sourceTree = "<group>";
		};
		656BC9912E3FA9F700943FE1 /* Preview Content */ = {
			isa = PBXGroup;
			children = (
				656BC9922E3FA9F700943FE1 /* Preview Assets.xcassets */,
			);
			path = "Preview Content";
			sourceTree = "<group>";
		};
		656BC99B2E3FA9F800943FE1 /* FurnitureAppTests */ = {
			isa = PBXGroup;
			children = (
				656BC99C2E3FA9F800943FE1 /* FurnitureAppTests.swift */,
			);
			path = FurnitureAppTests;
			sourceTree = "<group>";
		};
		656BC9A52E3FA9F800943FE1 /* FurnitureAppUITests */ = {
			isa = PBXGroup;
			children = (
				656BC9A62E3FA9F800943FE1 /* FurnitureAppUITests.swift */,
				656BC9A82E3FA9F800943FE1 /* FurnitureAppUITestsLaunchTests.swift */,
			);
			path = FurnitureAppUITests;
			sourceTree = "<group>";
		};
		6587FF462E434818008866EB /* Utitlites */ = {
			isa = PBXGroup;
			children = (
				65B5C43D2E4283D500684A8F /* LanguageManager.swift */,
			);
			path = Utitlites;
			sourceTree = "<group>";
		};
		6592CE022E40EB4E00B5DB6B /* Frameworks */ = {
			isa = PBXGroup;
			children = (
			);
			name = Frameworks;
			sourceTree = "<group>";
		};
		6593020C2E489F80000ED8F1 /* HomeScreen */ = {
			isa = PBXGroup;
			children = (
				6571CAE72E4B465700430656 /* MainTabView.swift */,
				6593020D2E489F9B000ED8F1 /* HomeView.swift */,
				6571CAEB2E4B467500430656 /* UploadItemView.swift */,
				6571CAE92E4B466800430656 /* FavouriteView.swift */,
				654239722E50BFFD00237F10 /* ProductDetailView.swift */,
				6571CAED2E4B468800430656 /* CartView.swift */,
				6571CAEF2E4B46A300430656 /* ProfileView.swift */,
				6561B8D72E4E49B600F12331 /* RecycleView.swift */,
			);
			path = HomeScreen;
			sourceTree = "<group>";
		};
		65C3C5F52E3FB084001EECF1 /* App */ = {
			isa = PBXGroup;
			children = (
				659C61E92E44FDC30099BEFC /* GoogleService-Info.plist */,
				65C3C6032E3FB523001EECF1 /* Info.plist */,
				656BC98B2E3FA9F500943FE1 /* FurnitureApp.swift */,
				65D3C2CA2E4DEFCB005D4766 /* AppState.swift */,
				65D3C2CE2E4E0E14005D4766 /* Product.swift */,
				65D3C2D02E4E0EF4005D4766 /* ProductViewModel.swift */,
			);
			path = App;
			sourceTree = "<group>";
		};
		65C3C5F62E3FB207001EECF1 /* Scenes */ = {
			isa = PBXGroup;
			children = (
				6593020C2E489F80000ED8F1 /* HomeScreen */,
				653478502E4765E400237E78 /* SignUpScreen */,
				65C3C6062E3FBA35001EECF1 /* SplashScreen */,
				65C753332E44BD1400B55DBF /* LoginScreen */,
			);
			path = Scenes;
			sourceTree = "<group>";
		};
		65C3C5F72E3FB22E001EECF1 /* Resources */ = {
			isa = PBXGroup;
			children = (
				65B5C4442E42B1CF00684A8F /* Localizable.strings */,
				65C3C6022E3FB4C4001EECF1 /* Fonts */,
				656BC98F2E3FA9F700943FE1 /* Assets.xcassets */,
				656BC9912E3FA9F700943FE1 /* Preview Content */,
			);
			path = Resources;
			sourceTree = "<group>";
		};
		65C3C6022E3FB4C4001EECF1 /* Fonts */ = {
			isa = PBXGroup;
			children = (
				65C3C5FC2E3FB49B001EECF1 /* Inter_28pt-Bold.ttf */,
				65C3C5FB2E3FB49B001EECF1 /* Inter_28pt-Italic.ttf */,
				65C3C5FA2E3FB49B001EECF1 /* Inter_28pt-Medium.ttf */,
				65C3C5F82E3FB49A001EECF1 /* Inter_28pt-Regular.ttf */,
				65C3C5F92E3FB49B001EECF1 /* Inter_28pt-SemiBold.ttf */,
			);
			path = Fonts;
			sourceTree = "<group>";
		};
		65C3C6062E3FBA35001EECF1 /* SplashScreen */ = {
			isa = PBXGroup;
			children = (
				65C3C6042E3FB7D5001EECF1 /* Onboardingview.swift */,
				65D3C2CC2E4DF17F005D4766 /* SplashView.swift */,
				656F2F622E4E1D9800DD3C76 /* Launch Screen.storyboard */,
			);
			path = SplashScreen;
			sourceTree = "<group>";
		};
		65C753332E44BD1400B55DBF /* LoginScreen */ = {
			isa = PBXGroup;
			children = (
				65DB87DF2E44C3B3009A4021 /* LoginView.swift */,
			);
			path = LoginScreen;
			sourceTree = "<group>";
		};
/* End PBXGroup section */

/* Begin PBXNativeTarget section */
		656BC9872E3FA9F500943FE1 /* FurnitureApp */ = {
			isa = PBXNativeTarget;
			buildConfigurationList = 656BC9AC2E3FA9F800943FE1 /* Build configuration list for PBXNativeTarget "FurnitureApp" */;
			buildPhases = (
				656BC9842E3FA9F500943FE1 /* Sources */,
				656BC9852E3FA9F500943FE1 /* Frameworks */,
				656BC9862E3FA9F500943FE1 /* Resources */,
			);
			buildRules = (
			);
			dependencies = (
			);
			name = FurnitureApp;
			packageProductDependencies = (
				659C61ED2E44FDF20099BEFC /* FirebaseAnalytics */,
				659C61EF2E44FDF20099BEFC /* FirebaseAnalyticsOnDeviceConversion */,
				659C61F12E44FDF20099BEFC /* FirebaseAnalyticsSwift */,
				659C61F32E44FDF20099BEFC /* FirebaseAnalyticsWithoutAdIdSupport */,
				659C61F52E44FDF20099BEFC /* FirebaseAppCheck */,
				659C61F72E44FDF20099BEFC /* FirebaseAppDistribution-Beta */,
				659C61F92E44FDF20099BEFC /* FirebaseAuth */,
				659C61FB2E44FDF20099BEFC /* FirebaseAuthCombine-Community */,
				659C61FD2E44FDF20099BEFC /* FirebaseCrashlytics */,
				659C61FF2E44FDF20099BEFC /* FirebaseDatabase */,
				659C62012E44FDF20099BEFC /* FirebaseDatabaseSwift */,
				659C62032E44FDF20099BEFC /* FirebaseDynamicLinks */,
				659C62052E44FDF20099BEFC /* FirebaseInAppMessagingSwift-Beta */,
				659C62072E44FDF20099BEFC /* FirebaseInstallations */,
				659C62092E44FDF20099BEFC /* FirebaseMessaging */,
				653EF9B52E4A0A6A000A3720 /* FirebaseFirestore */,
				653EF9B72E4A0A89000A3720 /* FirebaseFirestoreCombine-Community */,
				653EF9B92E4A0A89000A3720 /* FirebaseFirestoreSwift */,
				6546B0412E4B8176009EE60A /* GoogleSignIn */,
				6546B0432E4B8176009EE60A /* GoogleSignInSwift */,
			);
			productName = FurnitureApp;
			productReference = 656BC9882E3FA9F500943FE1 /* FurnitureApp.app */;
			productType = "com.apple.product-type.application";
		};
		656BC9972E3FA9F800943FE1 /* FurnitureAppTests */ = {
			isa = PBXNativeTarget;
			buildConfigurationList = 656BC9AF2E3FA9F800943FE1 /* Build configuration list for PBXNativeTarget "FurnitureAppTests" */;
			buildPhases = (
				656BC9942E3FA9F800943FE1 /* Sources */,
				656BC9952E3FA9F800943FE1 /* Frameworks */,
				656BC9962E3FA9F800943FE1 /* Resources */,
			);
			buildRules = (
			);
			dependencies = (
				656BC99A2E3FA9F800943FE1 /* PBXTargetDependency */,
			);
			name = FurnitureAppTests;
			productName = FurnitureAppTests;
			productReference = 656BC9982E3FA9F800943FE1 /* FurnitureAppTests.xctest */;
			productType = "com.apple.product-type.bundle.unit-test";
		};
		656BC9A12E3FA9F800943FE1 /* FurnitureAppUITests */ = {
			isa = PBXNativeTarget;
			buildConfigurationList = 656BC9B22E3FA9F800943FE1 /* Build configuration list for PBXNativeTarget "FurnitureAppUITests" */;
			buildPhases = (
				656BC99E2E3FA9F800943FE1 /* Sources */,
				656BC99F2E3FA9F800943FE1 /* Frameworks */,
				656BC9A02E3FA9F800943FE1 /* Resources */,
			);
			buildRules = (
			);
			dependencies = (
				656BC9A42E3FA9F800943FE1 /* PBXTargetDependency */,
			);
			name = FurnitureAppUITests;
			productName = FurnitureAppUITests;
			productReference = 656BC9A22E3FA9F800943FE1 /* FurnitureAppUITests.xctest */;
			productType = "com.apple.product-type.bundle.ui-testing";
		};
/* End PBXNativeTarget section */

/* Begin PBXProject section */
		656BC9802E3FA9F500943FE1 /* Project object */ = {
			isa = PBXProject;
			attributes = {
				BuildIndependentTargetsInParallel = 1;
				LastSwiftUpdateCheck = 1430;
				LastUpgradeCheck = 1430;
				TargetAttributes = {
					656BC9872E3FA9F500943FE1 = {
						CreatedOnToolsVersion = 14.3;
					};
					656BC9972E3FA9F800943FE1 = {
						CreatedOnToolsVersion = 14.3;
						TestTargetID = 656BC9872E3FA9F500943FE1;
					};
					656BC9A12E3FA9F800943FE1 = {
						CreatedOnToolsVersion = 14.3;
						TestTargetID = 656BC9872E3FA9F500943FE1;
					};
				};
			};
			buildConfigurationList = 656BC9832E3FA9F500943FE1 /* Build configuration list for PBXProject "FurnitureApp" */;
			compatibilityVersion = "Xcode 14.0";
			developmentRegion = en;
			hasScannedForEncodings = 0;
			knownRegions = (
				en,
				Base,
				ar,
			);
			mainGroup = 656BC97F2E3FA9F500943FE1;
			packageReferences = (
				652515582E43C32400A23897 /* XCRemoteSwiftPackageReference "firebase-ios-sdk" */,
				6546B0402E4B8176009EE60A /* XCRemoteSwiftPackageReference "GoogleSignIn-iOS" */,
			);
			productRefGroup = 656BC9892E3FA9F500943FE1 /* Products */;
			projectDirPath = "";
			projectRoot = "";
			targets = (
				656BC9872E3FA9F500943FE1 /* FurnitureApp */,
				656BC9972E3FA9F800943FE1 /* FurnitureAppTests */,
				656BC9A12E3FA9F800943FE1 /* FurnitureAppUITests */,
			);
		};
/* End PBXProject section */

/* Begin PBXResourcesBuildPhase section */
		656BC9862E3FA9F500943FE1 /* Resources */ = {
			isa = PBXResourcesBuildPhase;
			buildActionMask = 2147483647;
			files = (
				656BC9932E3FA9F700943FE1 /* Preview Assets.xcassets in Resources */,
				65C3C5FF2E3FB49C001EECF1 /* Inter_28pt-Medium.ttf in Resources */,
				659C61EA2E44FDC40099BEFC /* GoogleService-Info.plist in Resources */,
				65C3C5FD2E3FB49C001EECF1 /* Inter_28pt-Regular.ttf in Resources */,
				65C3C6012E3FB49C001EECF1 /* Inter_28pt-Bold.ttf in Resources */,
				65C3C6002E3FB49C001EECF1 /* Inter_28pt-Italic.ttf in Resources */,
				65B5C4422E42B1CF00684A8F /* Localizable.strings in Resources */,
				65C3C5FE2E3FB49C001EECF1 /* Inter_28pt-SemiBold.ttf in Resources */,
				656F2F632E4E1D9800DD3C76 /* Launch Screen.storyboard in Resources */,
				656F2F652E4E237A00DD3C76 /* Settings.bundle in Resources */,
				656BC9902E3FA9F700943FE1 /* Assets.xcassets in Resources */,
			);
			runOnlyForDeploymentPostprocessing = 0;
		};
		656BC9962E3FA9F800943FE1 /* Resources */ = {
			isa = PBXResourcesBuildPhase;
			buildActionMask = 2147483647;
			files = (
				659C61EB2E44FDC40099BEFC /* GoogleService-Info.plist in Resources */,
			);
			runOnlyForDeploymentPostprocessing = 0;
		};
		656BC9A02E3FA9F800943FE1 /* Resources */ = {
			isa = PBXResourcesBuildPhase;
			buildActionMask = 2147483647;
			files = (
				659C61EC2E44FDC40099BEFC /* GoogleService-Info.plist in Resources */,
			);
			runOnlyForDeploymentPostprocessing = 0;
		};
/* End PBXResourcesBuildPhase section */

/* Begin PBXSourcesBuildPhase section */
		656BC9842E3FA9F500943FE1 /* Sources */ = {
			isa = PBXSourcesBuildPhase;
			buildActionMask = 2147483647;
			files = (
				6571CAEE2E4B468800430656 /* CartView.swift in Sources */,
				65B5C43E2E4283D500684A8F /* LanguageManager.swift in Sources */,
				653478522E47661700237E78 /* SignUpView.swift in Sources */,
				654239732E50BFFD00237F10 /* ProductDetailView.swift in Sources */,
				65D3C2CB2E4DEFCB005D4766 /* AppState.swift in Sources */,
				656BC98C2E3FA9F500943FE1 /* FurnitureApp.swift in Sources */,
				6593020E2E489F9B000ED8F1 /* HomeView.swift in Sources */,
				6571CAE82E4B465700430656 /* MainTabView.swift in Sources */,
				65DB87E02E44C3B3009A4021 /* LoginView.swift in Sources */,
				65D3C2CD2E4DF17F005D4766 /* SplashView.swift in Sources */,
				6571CAEA2E4B466800430656 /* FavouriteView.swift in Sources */,
				6571CAEC2E4B467600430656 /* UploadItemView.swift in Sources */,
				6571CAF02E4B46A300430656 /* ProfileView.swift in Sources */,
				65C3C6052E3FB7D5001EECF1 /* Onboardingview.swift in Sources */,
				65D3C2CF2E4E0E14005D4766 /* Product.swift in Sources */,
				6561B8D82E4E49B600F12331 /* RecycleView.swift in Sources */,
				65D3C2D12E4E0EF4005D4766 /* ProductViewModel.swift in Sources */,
			);
			runOnlyForDeploymentPostprocessing = 0;
		};
		656BC9942E3FA9F800943FE1 /* Sources */ = {
			isa = PBXSourcesBuildPhase;
			buildActionMask = 2147483647;
			files = (
				656BC99D2E3FA9F800943FE1 /* FurnitureAppTests.swift in Sources */,
			);
			runOnlyForDeploymentPostprocessing = 0;
		};
		656BC99E2E3FA9F800943FE1 /* Sources */ = {
			isa = PBXSourcesBuildPhase;
			buildActionMask = 2147483647;
			files = (
				656BC9A72E3FA9F800943FE1 /* FurnitureAppUITests.swift in Sources */,
				656BC9A92E3FA9F800943FE1 /* FurnitureAppUITestsLaunchTests.swift in Sources */,
			);
			runOnlyForDeploymentPostprocessing = 0;
		};
/* End PBXSourcesBuildPhase section */

/* Begin PBXTargetDependency section */
		656BC99A2E3FA9F800943FE1 /* PBXTargetDependency */ = {
			isa = PBXTargetDependency;
			target = 656BC9872E3FA9F500943FE1 /* FurnitureApp */;
			targetProxy = 656BC9992E3FA9F800943FE1 /* PBXContainerItemProxy */;
		};
		656BC9A42E3FA9F800943FE1 /* PBXTargetDependency */ = {
			isa = PBXTargetDependency;
			target = 656BC9872E3FA9F500943FE1 /* FurnitureApp */;
			targetProxy = 656BC9A32E3FA9F800943FE1 /* PBXContainerItemProxy */;
		};
/* End PBXTargetDependency section */

/* Begin PBXVariantGroup section */
		65B5C4442E42B1CF00684A8F /* Localizable.strings */ = {
			isa = PBXVariantGroup;
			children = (
				65B5C4432E42B1CF00684A8F /* en */,
				65B5C4452E42B1D500684A8F /* ar */,
			);
			name = Localizable.strings;
			sourceTree = "<group>";
		};
/* End PBXVariantGroup section */

/* Begin XCBuildConfiguration section */
		656BC9AA2E3FA9F800943FE1 /* Debug */ = {
			isa = XCBuildConfiguration;
			buildSettings = {
				ALWAYS_SEARCH_USER_PATHS = NO;
				CLANG_ANALYZER_NONNULL = YES;
				CLANG_ANALYZER_NUMBER_OBJECT_CONVERSION = YES_AGGRESSIVE;
				CLANG_CXX_LANGUAGE_STANDARD = "gnu++20";
				CLANG_ENABLE_MODULES = YES;
				CLANG_ENABLE_OBJC_ARC = YES;
				CLANG_ENABLE_OBJC_WEAK = YES;
				CLANG_WARN_BLOCK_CAPTURE_AUTORELEASING = YES;
				CLANG_WARN_BOOL_CONVERSION = YES;
				CLANG_WARN_COMMA = YES;
				CLANG_WARN_CONSTANT_CONVERSION = YES;
				CLANG_WARN_DEPRECATED_OBJC_IMPLEMENTATIONS = YES;
				CLANG_WARN_DIRECT_OBJC_ISA_USAGE = YES_ERROR;
				CLANG_WARN_DOCUMENTATION_COMMENTS = YES;
				CLANG_WARN_EMPTY_BODY = YES;
				CLANG_WARN_ENUM_CONVERSION = YES;
				CLANG_WARN_INFINITE_RECURSION = YES;
				CLANG_WARN_INT_CONVERSION = YES;
				CLANG_WARN_NON_LITERAL_NULL_CONVERSION = YES;
				CLANG_WARN_OBJC_IMPLICIT_RETAIN_SELF = YES;
				CLANG_WARN_OBJC_LITERAL_CONVERSION = YES;
				CLANG_WARN_OBJC_ROOT_CLASS = YES_ERROR;
				CLANG_WARN_QUOTED_INCLUDE_IN_FRAMEWORK_HEADER = YES;
				CLANG_WARN_RANGE_LOOP_ANALYSIS = YES;
				CLANG_WARN_STRICT_PROTOTYPES = YES;
				CLANG_WARN_SUSPICIOUS_MOVE = YES;
				CLANG_WARN_UNGUARDED_AVAILABILITY = YES_AGGRESSIVE;
				CLANG_WARN_UNREACHABLE_CODE = YES;
				CLANG_WARN__DUPLICATE_METHOD_MATCH = YES;
				COPY_PHASE_STRIP = NO;
				DEBUG_INFORMATION_FORMAT = dwarf;
				ENABLE_STRICT_OBJC_MSGSEND = YES;
				ENABLE_TESTABILITY = YES;
				GCC_C_LANGUAGE_STANDARD = gnu11;
				GCC_DYNAMIC_NO_PIC = NO;
				GCC_NO_COMMON_BLOCKS = YES;
				GCC_OPTIMIZATION_LEVEL = 0;
				GCC_PREPROCESSOR_DEFINITIONS = (
					"DEBUG=1",
					"$(inherited)",
				);
				GCC_WARN_64_TO_32_BIT_CONVERSION = YES;
				GCC_WARN_ABOUT_RETURN_TYPE = YES_ERROR;
				GCC_WARN_UNDECLARED_SELECTOR = YES;
				GCC_WARN_UNINITIALIZED_AUTOS = YES_AGGRESSIVE;
				GCC_WARN_UNUSED_FUNCTION = YES;
				GCC_WARN_UNUSED_VARIABLE = YES;
				IPHONEOS_DEPLOYMENT_TARGET = 16.4;
				MTL_ENABLE_DEBUG_INFO = INCLUDE_SOURCE;
				MTL_FAST_MATH = YES;
				ONLY_ACTIVE_ARCH = YES;
				SDKROOT = iphoneos;
				SWIFT_ACTIVE_COMPILATION_CONDITIONS = DEBUG;
				SWIFT_OPTIMIZATION_LEVEL = "-Onone";
			};
			name = Debug;
		};
		656BC9AB2E3FA9F800943FE1 /* Release */ = {
			isa = XCBuildConfiguration;
			buildSettings = {
				ALWAYS_SEARCH_USER_PATHS = NO;
				CLANG_ANALYZER_NONNULL = YES;
				CLANG_ANALYZER_NUMBER_OBJECT_CONVERSION = YES_AGGRESSIVE;
				CLANG_CXX_LANGUAGE_STANDARD = "gnu++20";
				CLANG_ENABLE_MODULES = YES;
				CLANG_ENABLE_OBJC_ARC = YES;
				CLANG_ENABLE_OBJC_WEAK = YES;
				CLANG_WARN_BLOCK_CAPTURE_AUTORELEASING = YES;
				CLANG_WARN_BOOL_CONVERSION = YES;
				CLANG_WARN_COMMA = YES;
				CLANG_WARN_CONSTANT_CONVERSION = YES;
				CLANG_WARN_DEPRECATED_OBJC_IMPLEMENTATIONS = YES;
				CLANG_WARN_DIRECT_OBJC_ISA_USAGE = YES_ERROR;
				CLANG_WARN_DOCUMENTATION_COMMENTS = YES;
				CLANG_WARN_EMPTY_BODY = YES;
				CLANG_WARN_ENUM_CONVERSION = YES;
				CLANG_WARN_INFINITE_RECURSION = YES;
				CLANG_WARN_INT_CONVERSION = YES;
				CLANG_WARN_NON_LITERAL_NULL_CONVERSION = YES;
				CLANG_WARN_OBJC_IMPLICIT_RETAIN_SELF = YES;
				CLANG_WARN_OBJC_LITERAL_CONVERSION = YES;
				CLANG_WARN_OBJC_ROOT_CLASS = YES_ERROR;
				CLANG_WARN_QUOTED_INCLUDE_IN_FRAMEWORK_HEADER = YES;
				CLANG_WARN_RANGE_LOOP_ANALYSIS = YES;
				CLANG_WARN_STRICT_PROTOTYPES = YES;
				CLANG_WARN_SUSPICIOUS_MOVE = YES;
				CLANG_WARN_UNGUARDED_AVAILABILITY = YES_AGGRESSIVE;
				CLANG_WARN_UNREACHABLE_CODE = YES;
				CLANG_WARN__DUPLICATE_METHOD_MATCH = YES;
				COPY_PHASE_STRIP = NO;
				DEBUG_INFORMATION_FORMAT = "dwarf-with-dsym";
				ENABLE_NS_ASSERTIONS = NO;
				ENABLE_STRICT_OBJC_MSGSEND = YES;
				GCC_C_LANGUAGE_STANDARD = gnu11;
				GCC_NO_COMMON_BLOCKS = YES;
				GCC_WARN_64_TO_32_BIT_CONVERSION = YES;
				GCC_WARN_ABOUT_RETURN_TYPE = YES_ERROR;
				GCC_WARN_UNDECLARED_SELECTOR = YES;
				GCC_WARN_UNINITIALIZED_AUTOS = YES_AGGRESSIVE;
				GCC_WARN_UNUSED_FUNCTION = YES;
				GCC_WARN_UNUSED_VARIABLE = YES;
				IPHONEOS_DEPLOYMENT_TARGET = 16.4;
				MTL_ENABLE_DEBUG_INFO = NO;
				MTL_FAST_MATH = YES;
				SDKROOT = iphoneos;
				SWIFT_COMPILATION_MODE = wholemodule;
				SWIFT_OPTIMIZATION_LEVEL = "-O";
				VALIDATE_PRODUCT = YES;
			};
			name = Release;
		};
		656BC9AD2E3FA9F800943FE1 /* Debug */ = {
			isa = XCBuildConfiguration;
			buildSettings = {
				ASSETCATALOG_COMPILER_APPICON_NAME = AppIcon;
				ASSETCATALOG_COMPILER_GLOBAL_ACCENT_COLOR_NAME = AccentColor;
				CODE_SIGN_STYLE = Automatic;
				CURRENT_PROJECT_VERSION = 1;
				DEVELOPMENT_ASSET_PATHS = "\"FurnitureApp/Resources/Preview Content\"";
				DEVELOPMENT_TEAM = 9SY6UXVRUN;
				ENABLE_PREVIEWS = YES;
				GENERATE_INFOPLIST_FILE = YES;
				INFOPLIST_FILE = FurnitureApp/App/Info.plist;
				INFOPLIST_KEY_UIApplicationSceneManifest_Generation = YES;
				INFOPLIST_KEY_UIApplicationSupportsIndirectInputEvents = YES;
				INFOPLIST_KEY_UILaunchScreen_Generation = YES;
				INFOPLIST_KEY_UISupportedInterfaceOrientations = "UIInterfaceOrientationLandscapeLeft UIInterfaceOrientationLandscapeRight UIInterfaceOrientationPortrait";
				LD_RUNPATH_SEARCH_PATHS = (
					"$(inherited)",
					"@executable_path/Frameworks",
				);
				MARKETING_VERSION = 1.0;
				PRODUCT_BUNDLE_IDENTIFIER = com.LinkDevelopment.FurnitureApp;
				PRODUCT_NAME = "$(TARGET_NAME)";
				SWIFT_EMIT_LOC_STRINGS = YES;
				SWIFT_VERSION = 5.0;
				TARGETED_DEVICE_FAMILY = "1,2";
			};
			name = Debug;
		};
		656BC9AE2E3FA9F800943FE1 /* Release */ = {
			isa = XCBuildConfiguration;
			buildSettings = {
				ASSETCATALOG_COMPILER_APPICON_NAME = AppIcon;
				ASSETCATALOG_COMPILER_GLOBAL_ACCENT_COLOR_NAME = AccentColor;
				CODE_SIGN_STYLE = Automatic;
				CURRENT_PROJECT_VERSION = 1;
				DEVELOPMENT_ASSET_PATHS = "\"FurnitureApp/Resources/Preview Content\"";
				DEVELOPMENT_TEAM = 9SY6UXVRUN;
				ENABLE_PREVIEWS = YES;
				GENERATE_INFOPLIST_FILE = YES;
				INFOPLIST_FILE = FurnitureApp/App/Info.plist;
				INFOPLIST_KEY_UIApplicationSceneManifest_Generation = YES;
				INFOPLIST_KEY_UIApplicationSupportsIndirectInputEvents = YES;
				INFOPLIST_KEY_UILaunchScreen_Generation = YES;
				INFOPLIST_KEY_UISupportedInterfaceOrientations = "UIInterfaceOrientationLandscapeLeft UIInterfaceOrientationLandscapeRight UIInterfaceOrientationPortrait";
				LD_RUNPATH_SEARCH_PATHS = (
					"$(inherited)",
					"@executable_path/Frameworks",
				);
				MARKETING_VERSION = 1.0;
				PRODUCT_BUNDLE_IDENTIFIER = com.LinkDevelopment.FurnitureApp;
				PRODUCT_NAME = "$(TARGET_NAME)";
				SWIFT_EMIT_LOC_STRINGS = YES;
				SWIFT_VERSION = 5.0;
				TARGETED_DEVICE_FAMILY = "1,2";
			};
			name = Release;
		};
		656BC9B02E3FA9F800943FE1 /* Debug */ = {
			isa = XCBuildConfiguration;
			buildSettings = {
				ALWAYS_EMBED_SWIFT_STANDARD_LIBRARIES = YES;
				BUNDLE_LOADER = "$(TEST_HOST)";
				CODE_SIGN_STYLE = Automatic;
				CURRENT_PROJECT_VERSION = 1;
				DEVELOPMENT_TEAM = 9SY6UXVRUN;
				GENERATE_INFOPLIST_FILE = YES;
				IPHONEOS_DEPLOYMENT_TARGET = 16.4;
				MARKETING_VERSION = 1.0;
				PRODUCT_BUNDLE_IDENTIFIER = com.LinkDevelopment.FurnitureAppTests;
				PRODUCT_NAME = "$(TARGET_NAME)";
				SWIFT_EMIT_LOC_STRINGS = NO;
				SWIFT_VERSION = 5.0;
				TARGETED_DEVICE_FAMILY = "1,2";
				TEST_HOST = "$(BUILT_PRODUCTS_DIR)/FurnitureApp.app/$(BUNDLE_EXECUTABLE_FOLDER_PATH)/FurnitureApp";
			};
			name = Debug;
		};
		656BC9B12E3FA9F800943FE1 /* Release */ = {
			isa = XCBuildConfiguration;
			buildSettings = {
				ALWAYS_EMBED_SWIFT_STANDARD_LIBRARIES = YES;
				BUNDLE_LOADER = "$(TEST_HOST)";
				CODE_SIGN_STYLE = Automatic;
				CURRENT_PROJECT_VERSION = 1;
				DEVELOPMENT_TEAM = 9SY6UXVRUN;
				GENERATE_INFOPLIST_FILE = YES;
				IPHONEOS_DEPLOYMENT_TARGET = 16.4;
				MARKETING_VERSION = 1.0;
				PRODUCT_BUNDLE_IDENTIFIER = com.LinkDevelopment.FurnitureAppTests;
				PRODUCT_NAME = "$(TARGET_NAME)";
				SWIFT_EMIT_LOC_STRINGS = NO;
				SWIFT_VERSION = 5.0;
				TARGETED_DEVICE_FAMILY = "1,2";
				TEST_HOST = "$(BUILT_PRODUCTS_DIR)/FurnitureApp.app/$(BUNDLE_EXECUTABLE_FOLDER_PATH)/FurnitureApp";
			};
			name = Release;
		};
		656BC9B32E3FA9F800943FE1 /* Debug */ = {
			isa = XCBuildConfiguration;
			buildSettings = {
				ALWAYS_EMBED_SWIFT_STANDARD_LIBRARIES = YES;
				CODE_SIGN_STYLE = Automatic;
				CURRENT_PROJECT_VERSION = 1;
				DEVELOPMENT_TEAM = 9SY6UXVRUN;
				GENERATE_INFOPLIST_FILE = YES;
				MARKETING_VERSION = 1.0;
				PRODUCT_BUNDLE_IDENTIFIER = com.LinkDevelopment.FurnitureAppUITests;
				PRODUCT_NAME = "$(TARGET_NAME)";
				SWIFT_EMIT_LOC_STRINGS = NO;
				SWIFT_VERSION = 5.0;
				TARGETED_DEVICE_FAMILY = "1,2";
				TEST_TARGET_NAME = FurnitureApp;
			};
			name = Debug;
		};
		656BC9B42E3FA9F800943FE1 /* Release */ = {
			isa = XCBuildConfiguration;
			buildSettings = {
				ALWAYS_EMBED_SWIFT_STANDARD_LIBRARIES = YES;
				CODE_SIGN_STYLE = Automatic;
				CURRENT_PROJECT_VERSION = 1;
				DEVELOPMENT_TEAM = 9SY6UXVRUN;
				GENERATE_INFOPLIST_FILE = YES;
				MARKETING_VERSION = 1.0;
				PRODUCT_BUNDLE_IDENTIFIER = com.LinkDevelopment.FurnitureAppUITests;
				PRODUCT_NAME = "$(TARGET_NAME)";
				SWIFT_EMIT_LOC_STRINGS = NO;
				SWIFT_VERSION = 5.0;
				TARGETED_DEVICE_FAMILY = "1,2";
				TEST_TARGET_NAME = FurnitureApp;
			};
			name = Release;
		};
/* End XCBuildConfiguration section */

/* Begin XCConfigurationList section */
		656BC9832E3FA9F500943FE1 /* Build configuration list for PBXProject "FurnitureApp" */ = {
			isa = XCConfigurationList;
			buildConfigurations = (
				656BC9AA2E3FA9F800943FE1 /* Debug */,
				656BC9AB2E3FA9F800943FE1 /* Release */,
			);
			defaultConfigurationIsVisible = 0;
			defaultConfigurationName = Release;
		};
		656BC9AC2E3FA9F800943FE1 /* Build configuration list for PBXNativeTarget "FurnitureApp" */ = {
			isa = XCConfigurationList;
			buildConfigurations = (
				656BC9AD2E3FA9F800943FE1 /* Debug */,
				656BC9AE2E3FA9F800943FE1 /* Release */,
			);
			defaultConfigurationIsVisible = 0;
			defaultConfigurationName = Release;
		};
		656BC9AF2E3FA9F800943FE1 /* Build configuration list for PBXNativeTarget "FurnitureAppTests" */ = {
			isa = XCConfigurationList;
			buildConfigurations = (
				656BC9B02E3FA9F800943FE1 /* Debug */,
				656BC9B12E3FA9F800943FE1 /* Release */,
			);
			defaultConfigurationIsVisible = 0;
			defaultConfigurationName = Release;
		};
		656BC9B22E3FA9F800943FE1 /* Build configuration list for PBXNativeTarget "FurnitureAppUITests" */ = {
			isa = XCConfigurationList;
			buildConfigurations = (
				656BC9B32E3FA9F800943FE1 /* Debug */,
				656BC9B42E3FA9F800943FE1 /* Release */,
			);
			defaultConfigurationIsVisible = 0;
			defaultConfigurationName = Release;
		};
/* End XCConfigurationList section */

/* Begin XCRemoteSwiftPackageReference section */
		652515582E43C32400A23897 /* XCRemoteSwiftPackageReference "firebase-ios-sdk" */ = {
			isa = XCRemoteSwiftPackageReference;
			repositoryURL = "https://github.com/firebase/firebase-ios-sdk";
			requirement = {
				kind = upToNextMajorVersion;
				minimumVersion = 10.29.0;
			};
		};
		6546B0402E4B8176009EE60A /* XCRemoteSwiftPackageReference "GoogleSignIn-iOS" */ = {
			isa = XCRemoteSwiftPackageReference;
			repositoryURL = "https://github.com/google/GoogleSignIn-iOS";
			requirement = {
				kind = upToNextMajorVersion;
				minimumVersion = 6.2.4;
			};
		};
/* End XCRemoteSwiftPackageReference section */

/* Begin XCSwiftPackageProductDependency section */
		653EF9B52E4A0A6A000A3720 /* FirebaseFirestore */ = {
			isa = XCSwiftPackageProductDependency;
			package = 652515582E43C32400A23897 /* XCRemoteSwiftPackageReference "firebase-ios-sdk" */;
			productName = FirebaseFirestore;
		};
		653EF9B72E4A0A89000A3720 /* FirebaseFirestoreCombine-Community */ = {
			isa = XCSwiftPackageProductDependency;
			package = 652515582E43C32400A23897 /* XCRemoteSwiftPackageReference "firebase-ios-sdk" */;
			productName = "FirebaseFirestoreCombine-Community";
		};
		653EF9B92E4A0A89000A3720 /* FirebaseFirestoreSwift */ = {
			isa = XCSwiftPackageProductDependency;
			package = 652515582E43C32400A23897 /* XCRemoteSwiftPackageReference "firebase-ios-sdk" */;
			productName = FirebaseFirestoreSwift;
		};
		6546B0412E4B8176009EE60A /* GoogleSignIn */ = {
			isa = XCSwiftPackageProductDependency;
			package = 6546B0402E4B8176009EE60A /* XCRemoteSwiftPackageReference "GoogleSignIn-iOS" */;
			productName = GoogleSignIn;
		};
		6546B0432E4B8176009EE60A /* GoogleSignInSwift */ = {
			isa = XCSwiftPackageProductDependency;
			package = 6546B0402E4B8176009EE60A /* XCRemoteSwiftPackageReference "GoogleSignIn-iOS" */;
			productName = GoogleSignInSwift;
		};
		659C61ED2E44FDF20099BEFC /* FirebaseAnalytics */ = {
			isa = XCSwiftPackageProductDependency;
			package = 652515582E43C32400A23897 /* XCRemoteSwiftPackageReference "firebase-ios-sdk" */;
			productName = FirebaseAnalytics;
		};
		659C61EF2E44FDF20099BEFC /* FirebaseAnalyticsOnDeviceConversion */ = {
			isa = XCSwiftPackageProductDependency;
			package = 652515582E43C32400A23897 /* XCRemoteSwiftPackageReference "firebase-ios-sdk" */;
			productName = FirebaseAnalyticsOnDeviceConversion;
		};
		659C61F12E44FDF20099BEFC /* FirebaseAnalyticsSwift */ = {
			isa = XCSwiftPackageProductDependency;
			package = 652515582E43C32400A23897 /* XCRemoteSwiftPackageReference "firebase-ios-sdk" */;
			productName = FirebaseAnalyticsSwift;
		};
		659C61F32E44FDF20099BEFC /* FirebaseAnalyticsWithoutAdIdSupport */ = {
			isa = XCSwiftPackageProductDependency;
			package = 652515582E43C32400A23897 /* XCRemoteSwiftPackageReference "firebase-ios-sdk" */;
			productName = FirebaseAnalyticsWithoutAdIdSupport;
		};
		659C61F52E44FDF20099BEFC /* FirebaseAppCheck */ = {
			isa = XCSwiftPackageProductDependency;
			package = 652515582E43C32400A23897 /* XCRemoteSwiftPackageReference "firebase-ios-sdk" */;
			productName = FirebaseAppCheck;
		};
		659C61F72E44FDF20099BEFC /* FirebaseAppDistribution-Beta */ = {
			isa = XCSwiftPackageProductDependency;
			package = 652515582E43C32400A23897 /* XCRemoteSwiftPackageReference "firebase-ios-sdk" */;
			productName = "FirebaseAppDistribution-Beta";
		};
		659C61F92E44FDF20099BEFC /* FirebaseAuth */ = {
			isa = XCSwiftPackageProductDependency;
			package = 652515582E43C32400A23897 /* XCRemoteSwiftPackageReference "firebase-ios-sdk" */;
			productName = FirebaseAuth;
		};
		659C61FB2E44FDF20099BEFC /* FirebaseAuthCombine-Community */ = {
			isa = XCSwiftPackageProductDependency;
			package = 652515582E43C32400A23897 /* XCRemoteSwiftPackageReference "firebase-ios-sdk" */;
			productName = "FirebaseAuthCombine-Community";
		};
		659C61FD2E44FDF20099BEFC /* FirebaseCrashlytics */ = {
			isa = XCSwiftPackageProductDependency;
			package = 652515582E43C32400A23897 /* XCRemoteSwiftPackageReference "firebase-ios-sdk" */;
			productName = FirebaseCrashlytics;
		};
		659C61FF2E44FDF20099BEFC /* FirebaseDatabase */ = {
			isa = XCSwiftPackageProductDependency;
			package = 652515582E43C32400A23897 /* XCRemoteSwiftPackageReference "firebase-ios-sdk" */;
			productName = FirebaseDatabase;
		};
		659C62012E44FDF20099BEFC /* FirebaseDatabaseSwift */ = {
			isa = XCSwiftPackageProductDependency;
			package = 652515582E43C32400A23897 /* XCRemoteSwiftPackageReference "firebase-ios-sdk" */;
			productName = FirebaseDatabaseSwift;
		};
		659C62032E44FDF20099BEFC /* FirebaseDynamicLinks */ = {
			isa = XCSwiftPackageProductDependency;
			package = 652515582E43C32400A23897 /* XCRemoteSwiftPackageReference "firebase-ios-sdk" */;
			productName = FirebaseDynamicLinks;
		};
		659C62052E44FDF20099BEFC /* FirebaseInAppMessagingSwift-Beta */ = {
			isa = XCSwiftPackageProductDependency;
			package = 652515582E43C32400A23897 /* XCRemoteSwiftPackageReference "firebase-ios-sdk" */;
			productName = "FirebaseInAppMessagingSwift-Beta";
		};
		659C62072E44FDF20099BEFC /* FirebaseInstallations */ = {
			isa = XCSwiftPackageProductDependency;
			package = 652515582E43C32400A23897 /* XCRemoteSwiftPackageReference "firebase-ios-sdk" */;
			productName = FirebaseInstallations;
		};
		659C62092E44FDF20099BEFC /* FirebaseMessaging */ = {
			isa = XCSwiftPackageProductDependency;
			package = 652515582E43C32400A23897 /* XCRemoteSwiftPackageReference "firebase-ios-sdk" */;
			productName = FirebaseMessaging;
		};
/* End XCSwiftPackageProductDependency section */
	};
	rootObject = 656BC9802E3FA9F500943FE1 /* Project object */;
}
